// !$*UTF8*$!
{
	archiveVersion = 1;
	classes = {
	};
	objectVersion = 56;
	objects = {

/* Begin PBXBuildFile section */
		0CE402192ABAC91A00F69B7E /* AuctionRegistrationView.swift in Sources */ = {isa = PBXBuildFile; fileRef = 0CE402182ABAC91A00F69B7E /* AuctionRegistrationView.swift */; };
		0CE4021C2ABACA3400F69B7E /* InfluencerImageView.swift in Sources */ = {isa = PBXBuildFile; fileRef = 0CE4021B2ABACA3400F69B7E /* InfluencerImageView.swift */; };
		111924862ABAC7B9003821FD /* PaymentView.swift in Sources */ = {isa = PBXBuildFile; fileRef = 111924852ABAC7B9003821FD /* PaymentView.swift */; };
		11E4DA5F2ABACBBC00EC84D9 /* PaymentAddressView.swift in Sources */ = {isa = PBXBuildFile; fileRef = 11E4DA5E2ABACBBC00EC84D9 /* PaymentAddressView.swift */; };
		64DEB9D52ABAC91E007C4981 /* PaymentInfo.swift in Sources */ = {isa = PBXBuildFile; fileRef = 64DEB9D42ABAC91E007C4981 /* PaymentInfo.swift */; };
		64DEB9D72ABAD438007C4981 /* PaymentInfoViewModel.swift in Sources */ = {isa = PBXBuildFile; fileRef = 64DEB9D62ABAD438007C4981 /* PaymentInfoViewModel.swift */; };
		84BF5D432ABAC84F008C0766 /* LoginSignUpView.swift in Sources */ = {isa = PBXBuildFile; fileRef = 84BF5D422ABAC84F008C0766 /* LoginSignUpView.swift */; };
		9E5A8FB92ABACD7C00654850 /* PaymentMethodView.swift in Sources */ = {isa = PBXBuildFile; fileRef = 9E5A8FB82ABACD7C00654850 /* PaymentMethodView.swift */; };
		9E5A8FBB2ABAD8B400654850 /* PayButtonView.swift in Sources */ = {isa = PBXBuildFile; fileRef = 9E5A8FBA2ABAD8B400654850 /* PayButtonView.swift */; };
		A091E5642AB9FB65000894FC /* InfantoryApp.swift in Sources */ = {isa = PBXBuildFile; fileRef = A091E5632AB9FB65000894FC /* InfantoryApp.swift */; };
		A091E5662AB9FB65000894FC /* ContentView.swift in Sources */ = {isa = PBXBuildFile; fileRef = A091E5652AB9FB65000894FC /* ContentView.swift */; };
		A091E5682AB9FB68000894FC /* Assets.xcassets in Resources */ = {isa = PBXBuildFile; fileRef = A091E5672AB9FB68000894FC /* Assets.xcassets */; };
		A091E56B2AB9FB68000894FC /* Preview Assets.xcassets in Resources */ = {isa = PBXBuildFile; fileRef = A091E56A2AB9FB68000894FC /* Preview Assets.xcassets */; };
		A091E5732AB9FC5C000894FC /* .swiftlint.yml in Resources */ = {isa = PBXBuildFile; fileRef = A091E5722AB9FC5C000894FC /* .swiftlint.yml */; };
		A091E57E2ABAA553000894FC /* Empty1.swift in Sources */ = {isa = PBXBuildFile; fileRef = A091E57D2ABAA553000894FC /* Empty1.swift */; };
		A091E5802ABAA55D000894FC /* Empty2.swift in Sources */ = {isa = PBXBuildFile; fileRef = A091E57F2ABAA55D000894FC /* Empty2.swift */; };
		A091E5822ABAA564000894FC /* Empty3.swift in Sources */ = {isa = PBXBuildFile; fileRef = A091E5812ABAA564000894FC /* Empty3.swift */; };
		A091E5842ABAA56B000894FC /* Empty4.swift in Sources */ = {isa = PBXBuildFile; fileRef = A091E5832ABAA56B000894FC /* Empty4.swift */; };
		A091E5892ABAA5A0000894FC /* HomeMainView.swift in Sources */ = {isa = PBXBuildFile; fileRef = A091E5882ABAA5A0000894FC /* HomeMainView.swift */; };
		A091E58F2ABAA616000894FC /* Empty6.swift in Sources */ = {isa = PBXBuildFile; fileRef = A091E58E2ABAA616000894FC /* Empty6.swift */; };
		A091E5912ABAA61C000894FC /* Empty7.swift in Sources */ = {isa = PBXBuildFile; fileRef = A091E5902ABAA61C000894FC /* Empty7.swift */; };
		A091E5932ABAA624000894FC /* Empty8.swift in Sources */ = {isa = PBXBuildFile; fileRef = A091E5922ABAA624000894FC /* Empty8.swift */; };
		A091E5972ABAA637000894FC /* Empty9.swift in Sources */ = {isa = PBXBuildFile; fileRef = A091E5962ABAA637000894FC /* Empty9.swift */; };
		A091E5992ABAA63C000894FC /* Empty10.swift in Sources */ = {isa = PBXBuildFile; fileRef = A091E5982ABAA63C000894FC /* Empty10.swift */; };
		A091E59B2ABAA642000894FC /* Empty11.swift in Sources */ = {isa = PBXBuildFile; fileRef = A091E59A2ABAA642000894FC /* Empty11.swift */; };
		A091E59D2ABAAA3B000894FC /* Array+Sorting.swift in Sources */ = {isa = PBXBuildFile; fileRef = A091E59C2ABAAA3B000894FC /* Array+Sorting.swift */; };
		A091E59F2ABAAC6C000894FC /* TextFieldBasic.swift in Sources */ = {isa = PBXBuildFile; fileRef = A091E59E2ABAAC6C000894FC /* TextFieldBasic.swift */; };
		EC7B11692ABAC984001303D1 /* LoginSheetView.swift in Sources */ = {isa = PBXBuildFile; fileRef = EC7B11682ABAC984001303D1 /* LoginSheetView.swift */; };
/* End PBXBuildFile section */

/* Begin PBXFileReference section */
		0CE402182ABAC91A00F69B7E /* AuctionRegistrationView.swift */ = {isa = PBXFileReference; lastKnownFileType = sourcecode.swift; path = AuctionRegistrationView.swift; sourceTree = "<group>"; };
		0CE4021B2ABACA3400F69B7E /* InfluencerImageView.swift */ = {isa = PBXFileReference; lastKnownFileType = sourcecode.swift; path = InfluencerImageView.swift; sourceTree = "<group>"; };
		111924852ABAC7B9003821FD /* PaymentView.swift */ = {isa = PBXFileReference; lastKnownFileType = sourcecode.swift; path = PaymentView.swift; sourceTree = "<group>"; };
		11E4DA5E2ABACBBC00EC84D9 /* PaymentAddressView.swift */ = {isa = PBXFileReference; lastKnownFileType = sourcecode.swift; path = PaymentAddressView.swift; sourceTree = "<group>"; };
		64DEB9D42ABAC91E007C4981 /* PaymentInfo.swift */ = {isa = PBXFileReference; lastKnownFileType = sourcecode.swift; path = PaymentInfo.swift; sourceTree = "<group>"; };
		64DEB9D62ABAD438007C4981 /* PaymentInfoViewModel.swift */ = {isa = PBXFileReference; lastKnownFileType = sourcecode.swift; path = PaymentInfoViewModel.swift; sourceTree = "<group>"; };
		84BF5D422ABAC84F008C0766 /* LoginSignUpView.swift */ = {isa = PBXFileReference; lastKnownFileType = sourcecode.swift; path = LoginSignUpView.swift; sourceTree = "<group>"; };
		9E5A8FB82ABACD7C00654850 /* PaymentMethodView.swift */ = {isa = PBXFileReference; lastKnownFileType = sourcecode.swift; path = PaymentMethodView.swift; sourceTree = "<group>"; };
		9E5A8FBA2ABAD8B400654850 /* PayButtonView.swift */ = {isa = PBXFileReference; lastKnownFileType = sourcecode.swift; path = PayButtonView.swift; sourceTree = "<group>"; };
		A091E5602AB9FB65000894FC /* Infantory.app */ = {isa = PBXFileReference; explicitFileType = wrapper.application; includeInIndex = 0; path = Infantory.app; sourceTree = BUILT_PRODUCTS_DIR; };
		A091E5632AB9FB65000894FC /* InfantoryApp.swift */ = {isa = PBXFileReference; lastKnownFileType = sourcecode.swift; path = InfantoryApp.swift; sourceTree = "<group>"; };
		A091E5652AB9FB65000894FC /* ContentView.swift */ = {isa = PBXFileReference; lastKnownFileType = sourcecode.swift; path = ContentView.swift; sourceTree = "<group>"; };
		A091E5672AB9FB68000894FC /* Assets.xcassets */ = {isa = PBXFileReference; lastKnownFileType = folder.assetcatalog; path = Assets.xcassets; sourceTree = "<group>"; };
		A091E56A2AB9FB68000894FC /* Preview Assets.xcassets */ = {isa = PBXFileReference; lastKnownFileType = folder.assetcatalog; path = "Preview Assets.xcassets"; sourceTree = "<group>"; };
		A091E5722AB9FC5C000894FC /* .swiftlint.yml */ = {isa = PBXFileReference; lastKnownFileType = text.yaml; path = .swiftlint.yml; sourceTree = "<group>"; };
		A091E57D2ABAA553000894FC /* Empty1.swift */ = {isa = PBXFileReference; lastKnownFileType = sourcecode.swift; path = Empty1.swift; sourceTree = "<group>"; };
		A091E57F2ABAA55D000894FC /* Empty2.swift */ = {isa = PBXFileReference; lastKnownFileType = sourcecode.swift; path = Empty2.swift; sourceTree = "<group>"; };
		A091E5812ABAA564000894FC /* Empty3.swift */ = {isa = PBXFileReference; lastKnownFileType = sourcecode.swift; path = Empty3.swift; sourceTree = "<group>"; };
		A091E5832ABAA56B000894FC /* Empty4.swift */ = {isa = PBXFileReference; lastKnownFileType = sourcecode.swift; path = Empty4.swift; sourceTree = "<group>"; };
		A091E5882ABAA5A0000894FC /* HomeMainView.swift */ = {isa = PBXFileReference; lastKnownFileType = sourcecode.swift; path = HomeMainView.swift; sourceTree = "<group>"; };
		A091E58E2ABAA616000894FC /* Empty6.swift */ = {isa = PBXFileReference; lastKnownFileType = sourcecode.swift; path = Empty6.swift; sourceTree = "<group>"; };
		A091E5902ABAA61C000894FC /* Empty7.swift */ = {isa = PBXFileReference; lastKnownFileType = sourcecode.swift; path = Empty7.swift; sourceTree = "<group>"; };
		A091E5922ABAA624000894FC /* Empty8.swift */ = {isa = PBXFileReference; lastKnownFileType = sourcecode.swift; path = Empty8.swift; sourceTree = "<group>"; };
		A091E5962ABAA637000894FC /* Empty9.swift */ = {isa = PBXFileReference; lastKnownFileType = sourcecode.swift; path = Empty9.swift; sourceTree = "<group>"; };
		A091E5982ABAA63C000894FC /* Empty10.swift */ = {isa = PBXFileReference; lastKnownFileType = sourcecode.swift; path = Empty10.swift; sourceTree = "<group>"; };
		A091E59A2ABAA642000894FC /* Empty11.swift */ = {isa = PBXFileReference; lastKnownFileType = sourcecode.swift; path = Empty11.swift; sourceTree = "<group>"; };
		A091E59C2ABAAA3B000894FC /* Array+Sorting.swift */ = {isa = PBXFileReference; lastKnownFileType = sourcecode.swift; path = "Array+Sorting.swift"; sourceTree = "<group>"; };
		A091E59E2ABAAC6C000894FC /* TextFieldBasic.swift */ = {isa = PBXFileReference; lastKnownFileType = sourcecode.swift; path = TextFieldBasic.swift; sourceTree = "<group>"; };
		EC7B11682ABAC984001303D1 /* LoginSheetView.swift */ = {isa = PBXFileReference; lastKnownFileType = sourcecode.swift; path = LoginSheetView.swift; sourceTree = "<group>"; };
/* End PBXFileReference section */

/* Begin PBXFrameworksBuildPhase section */
		A091E55D2AB9FB65000894FC /* Frameworks */ = {
			isa = PBXFrameworksBuildPhase;
			buildActionMask = 2147483647;
			files = (
			);
			runOnlyForDeploymentPostprocessing = 0;
		};
/* End PBXFrameworksBuildPhase section */

/* Begin PBXGroup section */
		0CE4021A2ABACA1000F69B7E /* Cell */ = {
			isa = PBXGroup;
			children = (
				0CE4021B2ABACA3400F69B7E /* InfluencerImageView.swift */,
			);
			path = Cell;
			sourceTree = "<group>";
		};
		111924822ABAC70F003821FD /* Payment */ = {
			isa = PBXGroup;
			children = (
				111924852ABAC7B9003821FD /* PaymentView.swift */,
				9E5A8FBC2ABAD8BC00654850 /* PaymentMethod */,
				11E4DA5E2ABACBBC00EC84D9 /* PaymentAddressView.swift */,
				64DEB9D42ABAC91E007C4981 /* PaymentInfo.swift */,
				64DEB9D62ABAD438007C4981 /* PaymentInfoViewModel.swift */,
			);
			path = Payment;
			sourceTree = "<group>";
		};
		9E5A8FBC2ABAD8BC00654850 /* PaymentMethod */ = {
			isa = PBXGroup;
			children = (
				9E5A8FB82ABACD7C00654850 /* PaymentMethodView.swift */,
				9E5A8FBA2ABAD8B400654850 /* PayButtonView.swift */,
			);
			path = PaymentMethod;
			sourceTree = "<group>";
		};
		A091E5572AB9FB65000894FC = {
			isa = PBXGroup;
			children = (
				A091E5722AB9FC5C000894FC /* .swiftlint.yml */,
				A091E5622AB9FB65000894FC /* Infantory */,
				A091E5612AB9FB65000894FC /* Products */,
			);
			sourceTree = "<group>";
		};
		A091E5612AB9FB65000894FC /* Products */ = {
			isa = PBXGroup;
			children = (
				A091E5602AB9FB65000894FC /* Infantory.app */,
			);
			name = Products;
			sourceTree = "<group>";
		};
		A091E5622AB9FB65000894FC /* Infantory */ = {
			isa = PBXGroup;
			children = (
				A091E5632AB9FB65000894FC /* InfantoryApp.swift */,
				A091E5772ABAA4A0000894FC /* API */,
				A091E5762ABAA498000894FC /* Util */,
				A091E58A2ABAA5A7000894FC /* Extension */,
				A091E5782ABAA4A6000894FC /* Model */,
				A091E5752ABAA491000894FC /* ViewModel */,
				A091E5742ABAA487000894FC /* View */,
				A091E5672AB9FB68000894FC /* Assets.xcassets */,
				A091E5692AB9FB68000894FC /* Preview Content */,
			);
			path = Infantory;
			sourceTree = "<group>";
		};
		A091E5692AB9FB68000894FC /* Preview Content */ = {
			isa = PBXGroup;
			children = (
				A091E56A2AB9FB68000894FC /* Preview Assets.xcassets */,
			);
			path = "Preview Content";
			sourceTree = "<group>";
		};
		A091E5742ABAA487000894FC /* View */ = {
			isa = PBXGroup;
			children = (
				A091E5652AB9FB65000894FC /* ContentView.swift */,
				A091E58B2ABAA5AD000894FC /* Common */,
				A091E5A22ABAAF54000894FC /* CommonView */,
				A091E57A2ABAA4C3000894FC /* Splash */,
				A091E5792ABAA4AF000894FC /* Login */,
				A091E5872ABAA584000894FC /* Home */,
				A091E57C2ABAA515000894FC /* Auction */,
				A091E57B2ABAA4D3000894FC /* Draw */,
				A091E5862ABAA57B000894FC /* Notification */,
				A091E5852ABAA573000894FC /* My */,
			);
			path = View;
			sourceTree = "<group>";
		};
		A091E5752ABAA491000894FC /* ViewModel */ = {
			isa = PBXGroup;
			children = (
				A091E5832ABAA56B000894FC /* Empty4.swift */,
			);
			path = ViewModel;
			sourceTree = "<group>";
		};
		A091E5762ABAA498000894FC /* Util */ = {
			isa = PBXGroup;
			children = (
				A091E57F2ABAA55D000894FC /* Empty2.swift */,
			);
			path = Util;
			sourceTree = "<group>";
		};
		A091E5772ABAA4A0000894FC /* API */ = {
			isa = PBXGroup;
			children = (
				A091E57D2ABAA553000894FC /* Empty1.swift */,
			);
			path = API;
			sourceTree = "<group>";
		};
		A091E5782ABAA4A6000894FC /* Model */ = {
			isa = PBXGroup;
			children = (
				A091E5812ABAA564000894FC /* Empty3.swift */,
			);
			path = Model;
			sourceTree = "<group>";
		};
		A091E5792ABAA4AF000894FC /* Login */ = {
			isa = PBXGroup;
			children = (
				A091E5902ABAA61C000894FC /* Empty7.swift */,
				84BF5D422ABAC84F008C0766 /* LoginSignUpView.swift */,
				EC7B11682ABAC984001303D1 /* LoginSheetView.swift */,
			);
			path = Login;
			sourceTree = "<group>";
		};
		A091E57A2ABAA4C3000894FC /* Splash */ = {
			isa = PBXGroup;
			children = (
				A091E58E2ABAA616000894FC /* Empty6.swift */,
			);
			path = Splash;
			sourceTree = "<group>";
		};
		A091E57B2ABAA4D3000894FC /* Draw */ = {
			isa = PBXGroup;
			children = (
				A091E5962ABAA637000894FC /* Empty9.swift */,
			);
			path = Draw;
			sourceTree = "<group>";
		};
		A091E57C2ABAA515000894FC /* Auction */ = {
			isa = PBXGroup;
			children = (
				111924822ABAC70F003821FD /* Payment */,
				A091E5922ABAA624000894FC /* Empty8.swift */,
				0CE402182ABAC91A00F69B7E /* AuctionRegistrationView.swift */,
				0CE4021A2ABACA1000F69B7E /* Cell */,
			);
			path = Auction;
			sourceTree = "<group>";
		};
		A091E5852ABAA573000894FC /* My */ = {
			isa = PBXGroup;
			children = (
				A091E59A2ABAA642000894FC /* Empty11.swift */,
			);
			path = My;
			sourceTree = "<group>";
		};
		A091E5862ABAA57B000894FC /* Notification */ = {
			isa = PBXGroup;
			children = (
				A091E5982ABAA63C000894FC /* Empty10.swift */,
			);
			path = Notification;
			sourceTree = "<group>";
		};
		A091E5872ABAA584000894FC /* Home */ = {
			isa = PBXGroup;
			children = (
				A091E5882ABAA5A0000894FC /* HomeMainView.swift */,
			);
			path = Home;
			sourceTree = "<group>";
		};
		A091E58A2ABAA5A7000894FC /* Extension */ = {
			isa = PBXGroup;
			children = (
				A091E59C2ABAAA3B000894FC /* Array+Sorting.swift */,
			);
			path = Extension;
			sourceTree = "<group>";
		};
		A091E58B2ABAA5AD000894FC /* Common */ = {
			isa = PBXGroup;
			children = (
				A091E5A12ABAAE1E000894FC /* CommonModifier */,
				A091E5A02ABAAE13000894FC /* CommonComponent */,
			);
			path = Common;
			sourceTree = "<group>";
		};
		A091E5A02ABAAE13000894FC /* CommonComponent */ = {
			isa = PBXGroup;
			children = (
			);
			path = CommonComponent;
			sourceTree = "<group>";
		};
		A091E5A12ABAAE1E000894FC /* CommonModifier */ = {
			isa = PBXGroup;
			children = (
				A091E59E2ABAAC6C000894FC /* TextFieldBasic.swift */,
			);
			path = CommonModifier;
			sourceTree = "<group>";
		};
		A091E5A22ABAAF54000894FC /* CommonView */ = {
			isa = PBXGroup;
			children = (
			);
			path = CommonView;
			sourceTree = "<group>";
		};
/* End PBXGroup section */

/* Begin PBXNativeTarget section */
		A091E55F2AB9FB65000894FC /* Infantory */ = {
			isa = PBXNativeTarget;
			buildConfigurationList = A091E56E2AB9FB68000894FC /* Build configuration list for PBXNativeTarget "Infantory" */;
			buildPhases = (
				A091E5712AB9FBA4000894FC /* SwiftLint Script */,
				A091E55C2AB9FB65000894FC /* Sources */,
				A091E55D2AB9FB65000894FC /* Frameworks */,
				A091E55E2AB9FB65000894FC /* Resources */,
			);
			buildRules = (
			);
			dependencies = (
			);
			name = Infantory;
			productName = Infantory;
			productReference = A091E5602AB9FB65000894FC /* Infantory.app */;
			productType = "com.apple.product-type.application";
		};
/* End PBXNativeTarget section */

/* Begin PBXProject section */
		A091E5582AB9FB65000894FC /* Project object */ = {
			isa = PBXProject;
			attributes = {
				BuildIndependentTargetsInParallel = 1;
				LastSwiftUpdateCheck = 1430;
				LastUpgradeCheck = 1430;
				TargetAttributes = {
					A091E55F2AB9FB65000894FC = {
						CreatedOnToolsVersion = 14.3.1;
					};
				};
			};
			buildConfigurationList = A091E55B2AB9FB65000894FC /* Build configuration list for PBXProject "Infantory" */;
			compatibilityVersion = "Xcode 14.0";
			developmentRegion = en;
			hasScannedForEncodings = 0;
			knownRegions = (
				en,
				Base,
			);
			mainGroup = A091E5572AB9FB65000894FC;
			productRefGroup = A091E5612AB9FB65000894FC /* Products */;
			projectDirPath = "";
			projectRoot = "";
			targets = (
				A091E55F2AB9FB65000894FC /* Infantory */,
			);
		};
/* End PBXProject section */

/* Begin PBXResourcesBuildPhase section */
		A091E55E2AB9FB65000894FC /* Resources */ = {
			isa = PBXResourcesBuildPhase;
			buildActionMask = 2147483647;
			files = (
				A091E5732AB9FC5C000894FC /* .swiftlint.yml in Resources */,
				A091E56B2AB9FB68000894FC /* Preview Assets.xcassets in Resources */,
				A091E5682AB9FB68000894FC /* Assets.xcassets in Resources */,
			);
			runOnlyForDeploymentPostprocessing = 0;
		};
/* End PBXResourcesBuildPhase section */

/* Begin PBXShellScriptBuildPhase section */
		A091E5712AB9FBA4000894FC /* SwiftLint Script */ = {
			isa = PBXShellScriptBuildPhase;
			alwaysOutOfDate = 1;
			buildActionMask = 2147483647;
			files = (
			);
			inputFileListPaths = (
			);
			inputPaths = (
			);
			name = "SwiftLint Script";
			outputFileListPaths = (
			);
			outputPaths = (
			);
			runOnlyForDeploymentPostprocessing = 0;
			shellPath = /bin/sh;
			shellScript = "if test -d \"/opt/homebrew/bin/\"; then\n  PATH=\"/opt/homebrew/bin/:${PATH}\"\nfi\n\nexport PATH\n\nif which swiftlint >/dev/null; then\n  swiftlint\nelse\n  echo \"warning: SwiftLint not installed, download from https://github.com/realm/SwiftLint\"\nfi\n";
		};
/* End PBXShellScriptBuildPhase section */

/* Begin PBXSourcesBuildPhase section */
		A091E55C2AB9FB65000894FC /* Sources */ = {
			isa = PBXSourcesBuildPhase;
			buildActionMask = 2147483647;
			files = (
				A091E5802ABAA55D000894FC /* Empty2.swift in Sources */,
				0CE402192ABAC91A00F69B7E /* AuctionRegistrationView.swift in Sources */,
				A091E5892ABAA5A0000894FC /* HomeMainView.swift in Sources */,
				A091E5992ABAA63C000894FC /* Empty10.swift in Sources */,
				A091E59D2ABAAA3B000894FC /* Array+Sorting.swift in Sources */,
				A091E5662AB9FB65000894FC /* ContentView.swift in Sources */,
				111924862ABAC7B9003821FD /* PaymentView.swift in Sources */,
				0CE4021C2ABACA3400F69B7E /* InfluencerImageView.swift in Sources */,
				A091E5932ABAA624000894FC /* Empty8.swift in Sources */,
				A091E59B2ABAA642000894FC /* Empty11.swift in Sources */,
				A091E5912ABAA61C000894FC /* Empty7.swift in Sources */,
				9E5A8FBB2ABAD8B400654850 /* PayButtonView.swift in Sources */,
				11E4DA5F2ABACBBC00EC84D9 /* PaymentAddressView.swift in Sources */,
				64DEB9D72ABAD438007C4981 /* PaymentInfoViewModel.swift in Sources */,
				A091E5842ABAA56B000894FC /* Empty4.swift in Sources */,
				A091E5642AB9FB65000894FC /* InfantoryApp.swift in Sources */,
				84BF5D432ABAC84F008C0766 /* LoginSignUpView.swift in Sources */,
				64DEB9D52ABAC91E007C4981 /* PaymentInfo.swift in Sources */,
				A091E5822ABAA564000894FC /* Empty3.swift in Sources */,
				A091E57E2ABAA553000894FC /* Empty1.swift in Sources */,
				EC7B11692ABAC984001303D1 /* LoginSheetView.swift in Sources */,
				A091E58F2ABAA616000894FC /* Empty6.swift in Sources */,
				A091E59F2ABAAC6C000894FC /* TextFieldBasic.swift in Sources */,
				A091E5972ABAA637000894FC /* Empty9.swift in Sources */,
				9E5A8FB92ABACD7C00654850 /* PaymentMethodView.swift in Sources */,
			);
			runOnlyForDeploymentPostprocessing = 0;
		};
/* End PBXSourcesBuildPhase section */

/* Begin XCBuildConfiguration section */
		A091E56C2AB9FB68000894FC /* Debug */ = {
			isa = XCBuildConfiguration;
			buildSettings = {
				ALWAYS_SEARCH_USER_PATHS = NO;
				CLANG_ANALYZER_NONNULL = YES;
				CLANG_ANALYZER_NUMBER_OBJECT_CONVERSION = YES_AGGRESSIVE;
				CLANG_CXX_LANGUAGE_STANDARD = "gnu++20";
				CLANG_ENABLE_MODULES = YES;
				CLANG_ENABLE_OBJC_ARC = YES;
				CLANG_ENABLE_OBJC_WEAK = YES;
				CLANG_WARN_BLOCK_CAPTURE_AUTORELEASING = YES;
				CLANG_WARN_BOOL_CONVERSION = YES;
				CLANG_WARN_COMMA = YES;
				CLANG_WARN_CONSTANT_CONVERSION = YES;
				CLANG_WARN_DEPRECATED_OBJC_IMPLEMENTATIONS = YES;
				CLANG_WARN_DIRECT_OBJC_ISA_USAGE = YES_ERROR;
				CLANG_WARN_DOCUMENTATION_COMMENTS = YES;
				CLANG_WARN_EMPTY_BODY = YES;
				CLANG_WARN_ENUM_CONVERSION = YES;
				CLANG_WARN_INFINITE_RECURSION = YES;
				CLANG_WARN_INT_CONVERSION = YES;
				CLANG_WARN_NON_LITERAL_NULL_CONVERSION = YES;
				CLANG_WARN_OBJC_IMPLICIT_RETAIN_SELF = YES;
				CLANG_WARN_OBJC_LITERAL_CONVERSION = YES;
				CLANG_WARN_OBJC_ROOT_CLASS = YES_ERROR;
				CLANG_WARN_QUOTED_INCLUDE_IN_FRAMEWORK_HEADER = YES;
				CLANG_WARN_RANGE_LOOP_ANALYSIS = YES;
				CLANG_WARN_STRICT_PROTOTYPES = YES;
				CLANG_WARN_SUSPICIOUS_MOVE = YES;
				CLANG_WARN_UNGUARDED_AVAILABILITY = YES_AGGRESSIVE;
				CLANG_WARN_UNREACHABLE_CODE = YES;
				CLANG_WARN__DUPLICATE_METHOD_MATCH = YES;
				COPY_PHASE_STRIP = NO;
				DEBUG_INFORMATION_FORMAT = dwarf;
				ENABLE_STRICT_OBJC_MSGSEND = YES;
				ENABLE_TESTABILITY = YES;
				GCC_C_LANGUAGE_STANDARD = gnu11;
				GCC_DYNAMIC_NO_PIC = NO;
				GCC_NO_COMMON_BLOCKS = YES;
				GCC_OPTIMIZATION_LEVEL = 0;
				GCC_PREPROCESSOR_DEFINITIONS = (
					"DEBUG=1",
					"$(inherited)",
				);
				GCC_WARN_64_TO_32_BIT_CONVERSION = YES;
				GCC_WARN_ABOUT_RETURN_TYPE = YES_ERROR;
				GCC_WARN_UNDECLARED_SELECTOR = YES;
				GCC_WARN_UNINITIALIZED_AUTOS = YES_AGGRESSIVE;
				GCC_WARN_UNUSED_FUNCTION = YES;
				GCC_WARN_UNUSED_VARIABLE = YES;
				IPHONEOS_DEPLOYMENT_TARGET = 16.0;
				MTL_ENABLE_DEBUG_INFO = INCLUDE_SOURCE;
				MTL_FAST_MATH = YES;
				ONLY_ACTIVE_ARCH = YES;
				SDKROOT = iphoneos;
				SWIFT_ACTIVE_COMPILATION_CONDITIONS = DEBUG;
				SWIFT_OPTIMIZATION_LEVEL = "-Onone";
			};
			name = Debug;
		};
		A091E56D2AB9FB68000894FC /* Release */ = {
			isa = XCBuildConfiguration;
			buildSettings = {
				ALWAYS_SEARCH_USER_PATHS = NO;
				CLANG_ANALYZER_NONNULL = YES;
				CLANG_ANALYZER_NUMBER_OBJECT_CONVERSION = YES_AGGRESSIVE;
				CLANG_CXX_LANGUAGE_STANDARD = "gnu++20";
				CLANG_ENABLE_MODULES = YES;
				CLANG_ENABLE_OBJC_ARC = YES;
				CLANG_ENABLE_OBJC_WEAK = YES;
				CLANG_WARN_BLOCK_CAPTURE_AUTORELEASING = YES;
				CLANG_WARN_BOOL_CONVERSION = YES;
				CLANG_WARN_COMMA = YES;
				CLANG_WARN_CONSTANT_CONVERSION = YES;
				CLANG_WARN_DEPRECATED_OBJC_IMPLEMENTATIONS = YES;
				CLANG_WARN_DIRECT_OBJC_ISA_USAGE = YES_ERROR;
				CLANG_WARN_DOCUMENTATION_COMMENTS = YES;
				CLANG_WARN_EMPTY_BODY = YES;
				CLANG_WARN_ENUM_CONVERSION = YES;
				CLANG_WARN_INFINITE_RECURSION = YES;
				CLANG_WARN_INT_CONVERSION = YES;
				CLANG_WARN_NON_LITERAL_NULL_CONVERSION = YES;
				CLANG_WARN_OBJC_IMPLICIT_RETAIN_SELF = YES;
				CLANG_WARN_OBJC_LITERAL_CONVERSION = YES;
				CLANG_WARN_OBJC_ROOT_CLASS = YES_ERROR;
				CLANG_WARN_QUOTED_INCLUDE_IN_FRAMEWORK_HEADER = YES;
				CLANG_WARN_RANGE_LOOP_ANALYSIS = YES;
				CLANG_WARN_STRICT_PROTOTYPES = YES;
				CLANG_WARN_SUSPICIOUS_MOVE = YES;
				CLANG_WARN_UNGUARDED_AVAILABILITY = YES_AGGRESSIVE;
				CLANG_WARN_UNREACHABLE_CODE = YES;
				CLANG_WARN__DUPLICATE_METHOD_MATCH = YES;
				COPY_PHASE_STRIP = NO;
				DEBUG_INFORMATION_FORMAT = "dwarf-with-dsym";
				ENABLE_NS_ASSERTIONS = NO;
				ENABLE_STRICT_OBJC_MSGSEND = YES;
				GCC_C_LANGUAGE_STANDARD = gnu11;
				GCC_NO_COMMON_BLOCKS = YES;
				GCC_WARN_64_TO_32_BIT_CONVERSION = YES;
				GCC_WARN_ABOUT_RETURN_TYPE = YES_ERROR;
				GCC_WARN_UNDECLARED_SELECTOR = YES;
				GCC_WARN_UNINITIALIZED_AUTOS = YES_AGGRESSIVE;
				GCC_WARN_UNUSED_FUNCTION = YES;
				GCC_WARN_UNUSED_VARIABLE = YES;
				IPHONEOS_DEPLOYMENT_TARGET = 16.0;
				MTL_ENABLE_DEBUG_INFO = NO;
				MTL_FAST_MATH = YES;
				SDKROOT = iphoneos;
				SWIFT_COMPILATION_MODE = wholemodule;
				SWIFT_OPTIMIZATION_LEVEL = "-O";
				VALIDATE_PRODUCT = YES;
			};
			name = Release;
		};
		A091E56F2AB9FB68000894FC /* Debug */ = {
			isa = XCBuildConfiguration;
			buildSettings = {
				ASSETCATALOG_COMPILER_APPICON_NAME = AppIcon;
				ASSETCATALOG_COMPILER_GLOBAL_ACCENT_COLOR_NAME = AccentColor;
				CODE_SIGN_STYLE = Automatic;
				CURRENT_PROJECT_VERSION = 1;
				DEVELOPMENT_ASSET_PATHS = "\"Infantory/Preview Content\"";
				DEVELOPMENT_TEAM = 6R3M7VGRP2;
				ENABLE_PREVIEWS = YES;
				GENERATE_INFOPLIST_FILE = YES;
				INFOPLIST_KEY_UIApplicationSceneManifest_Generation = YES;
				INFOPLIST_KEY_UIApplicationSupportsIndirectInputEvents = YES;
				INFOPLIST_KEY_UILaunchScreen_Generation = YES;
				INFOPLIST_KEY_UISupportedInterfaceOrientations_iPad = "UIInterfaceOrientationPortrait UIInterfaceOrientationPortraitUpsideDown UIInterfaceOrientationLandscapeLeft UIInterfaceOrientationLandscapeRight";
				INFOPLIST_KEY_UISupportedInterfaceOrientations_iPhone = "UIInterfaceOrientationPortrait UIInterfaceOrientationLandscapeLeft UIInterfaceOrientationLandscapeRight";
				IPHONEOS_DEPLOYMENT_TARGET = 16.0;
				LD_RUNPATH_SEARCH_PATHS = (
					"$(inherited)",
					"@executable_path/Frameworks",
				);
				MARKETING_VERSION = 1.0;
				PRODUCT_BUNDLE_IDENTIFIER = com.techit.Infantory;
				PRODUCT_NAME = "$(TARGET_NAME)";
				SWIFT_EMIT_LOC_STRINGS = YES;
				SWIFT_VERSION = 5.0;
				TARGETED_DEVICE_FAMILY = "1,2";
			};
			name = Debug;
		};
		A091E5702AB9FB68000894FC /* Release */ = {
			isa = XCBuildConfiguration;
			buildSettings = {
				ASSETCATALOG_COMPILER_APPICON_NAME = AppIcon;
				ASSETCATALOG_COMPILER_GLOBAL_ACCENT_COLOR_NAME = AccentColor;
				CODE_SIGN_STYLE = Automatic;
				CURRENT_PROJECT_VERSION = 1;
				DEVELOPMENT_ASSET_PATHS = "\"Infantory/Preview Content\"";
				DEVELOPMENT_TEAM = 6R3M7VGRP2;
				ENABLE_PREVIEWS = YES;
				GENERATE_INFOPLIST_FILE = YES;
				INFOPLIST_KEY_UIApplicationSceneManifest_Generation = YES;
				INFOPLIST_KEY_UIApplicationSupportsIndirectInputEvents = YES;
				INFOPLIST_KEY_UILaunchScreen_Generation = YES;
				INFOPLIST_KEY_UISupportedInterfaceOrientations_iPad = "UIInterfaceOrientationPortrait UIInterfaceOrientationPortraitUpsideDown UIInterfaceOrientationLandscapeLeft UIInterfaceOrientationLandscapeRight";
				INFOPLIST_KEY_UISupportedInterfaceOrientations_iPhone = "UIInterfaceOrientationPortrait UIInterfaceOrientationLandscapeLeft UIInterfaceOrientationLandscapeRight";
				IPHONEOS_DEPLOYMENT_TARGET = 16.0;
				LD_RUNPATH_SEARCH_PATHS = (
					"$(inherited)",
					"@executable_path/Frameworks",
				);
				MARKETING_VERSION = 1.0;
				PRODUCT_BUNDLE_IDENTIFIER = com.techit.Infantory;
				PRODUCT_NAME = "$(TARGET_NAME)";
				SWIFT_EMIT_LOC_STRINGS = YES;
				SWIFT_VERSION = 5.0;
				TARGETED_DEVICE_FAMILY = "1,2";
			};
			name = Release;
		};
/* End XCBuildConfiguration section */

/* Begin XCConfigurationList section */
		A091E55B2AB9FB65000894FC /* Build configuration list for PBXProject "Infantory" */ = {
			isa = XCConfigurationList;
			buildConfigurations = (
				A091E56C2AB9FB68000894FC /* Debug */,
				A091E56D2AB9FB68000894FC /* Release */,
			);
			defaultConfigurationIsVisible = 0;
			defaultConfigurationName = Release;
		};
		A091E56E2AB9FB68000894FC /* Build configuration list for PBXNativeTarget "Infantory" */ = {
			isa = XCConfigurationList;
			buildConfigurations = (
				A091E56F2AB9FB68000894FC /* Debug */,
				A091E5702AB9FB68000894FC /* Release */,
			);
			defaultConfigurationIsVisible = 0;
			defaultConfigurationName = Release;
		};
/* End XCConfigurationList section */
	};
	rootObject = A091E5582AB9FB65000894FC /* Project object */;
}
