// !$*UTF8*$!
{
	archiveVersion = 1;
	classes = {
	};
	objectVersion = 56;
	objects = {

/* Begin PBXBuildFile section */
		0157833A2ABD5F86001FEC98 /* AuctionProductViewModel.swift in Sources */ = {isa = PBXBuildFile; fileRef = 015783392ABD5F86001FEC98 /* AuctionProductViewModel.swift */; };
		0157833C2AC11790001FEC98 /* AuctionDetailView.swift in Sources */ = {isa = PBXBuildFile; fileRef = 0157833B2AC11790001FEC98 /* AuctionDetailView.swift */; };
		0157833E2AC121E2001FEC98 /* AuctionDetailImageView.swift in Sources */ = {isa = PBXBuildFile; fileRef = 0157833D2AC121E2001FEC98 /* AuctionDetailImageView.swift */; };
		015783402AC3BDBB001FEC98 /* ApplyProductListView.swift in Sources */ = {isa = PBXBuildFile; fileRef = 0157833F2AC3BDBB001FEC98 /* ApplyProductListView.swift */; };
		0C25176E2AC1453200B0EF03 /* AuctionDetailDescriptionView.swift in Sources */ = {isa = PBXBuildFile; fileRef = 0C25176D2AC1453200B0EF03 /* AuctionDetailDescriptionView.swift */; };
		0C82A32D2AC278A6009F6D97 /* ApplyRegistrationView.swift in Sources */ = {isa = PBXBuildFile; fileRef = 0C82A32C2AC278A6009F6D97 /* ApplyRegistrationView.swift */; };
		0C82A32F2AC279BB009F6D97 /* ApplyProductViewModel.swift in Sources */ = {isa = PBXBuildFile; fileRef = 0C82A32E2AC279BB009F6D97 /* ApplyProductViewModel.swift */; };
		0C82A3312AC2934E009F6D97 /* ApplyDetailView.swift in Sources */ = {isa = PBXBuildFile; fileRef = 0C82A3302AC2934E009F6D97 /* ApplyDetailView.swift */; };
		0C82A3342AC29625009F6D97 /* ApplyDetailDescriptionView.swift in Sources */ = {isa = PBXBuildFile; fileRef = 0C82A3332AC29625009F6D97 /* ApplyDetailDescriptionView.swift */; };
		0C82A3362AC29640009F6D97 /* ApplyDetailImageView.swift in Sources */ = {isa = PBXBuildFile; fileRef = 0C82A3352AC29640009F6D97 /* ApplyDetailImageView.swift */; };
		0C82A3382AC29A0B009F6D97 /* ApplyLogoCell.swift in Sources */ = {isa = PBXBuildFile; fileRef = 0C82A3372AC29A0B009F6D97 /* ApplyLogoCell.swift */; };
		0CD2F6FF2ABD4D8400FCF88E /* AuctionButtonCell.swift in Sources */ = {isa = PBXBuildFile; fileRef = 0CD2F6FE2ABD4D8400FCF88E /* AuctionButtonCell.swift */; };
		0CD2F7012ABD4EE100FCF88E /* ProductListView.swift in Sources */ = {isa = PBXBuildFile; fileRef = 0CD2F7002ABD4EE100FCF88E /* ProductListView.swift */; };
		0CD2F7032ABD4F6A00FCF88E /* AuctionLogoCell.swift in Sources */ = {isa = PBXBuildFile; fileRef = 0CD2F7022ABD4F6A00FCF88E /* AuctionLogoCell.swift */; };
		0CD2F7052ABD50F500FCF88E /* User.swift in Sources */ = {isa = PBXBuildFile; fileRef = 0CD2F7042ABD50F500FCF88E /* User.swift */; };
		0CE402192ABAC91A00F69B7E /* AuctionRegistrationView.swift in Sources */ = {isa = PBXBuildFile; fileRef = 0CE402182ABAC91A00F69B7E /* AuctionRegistrationView.swift */; };
		0CE4021C2ABACA3400F69B7E /* InfluencerImageCell.swift in Sources */ = {isa = PBXBuildFile; fileRef = 0CE4021B2ABACA3400F69B7E /* InfluencerImageCell.swift */; };
		0CED22502ACCFB4300CD1456 /* ApplyImagePickerView.swift in Sources */ = {isa = PBXBuildFile; fileRef = 0CED224F2ACCFB4300CD1456 /* ApplyImagePickerView.swift */; };
		0CED22542ACD40E100CD1456 /* AuctionRegisterStore.swift in Sources */ = {isa = PBXBuildFile; fileRef = 0CED22532ACD40E100CD1456 /* AuctionRegisterStore.swift */; };
		11183A6F2ACD40D30010012C /* AuctionViewModel.swift in Sources */ = {isa = PBXBuildFile; fileRef = 11183A6E2ACD40D30010012C /* AuctionViewModel.swift */; };
		11183A732ACF8BC50010012C /* ProfileRowView.swift in Sources */ = {isa = PBXBuildFile; fileRef = 11183A722ACF8BC50010012C /* ProfileRowView.swift */; };
		11183A752ACF9C670010012C /* ProfileSheetView.swift in Sources */ = {isa = PBXBuildFile; fileRef = 11183A742ACF9C670010012C /* ProfileSheetView.swift */; };
		111924862ABAC7B9003821FD /* PaymentView.swift in Sources */ = {isa = PBXBuildFile; fileRef = 111924852ABAC7B9003821FD /* PaymentView.swift */; };
		112E5D442AC555D40007BBE8 /* AuctionBuyerView.swift in Sources */ = {isa = PBXBuildFile; fileRef = 112E5D432AC555D40007BBE8 /* AuctionBuyerView.swift */; };
		112E5D462AC561550007BBE8 /* AuctionBuyerDetailView.swift in Sources */ = {isa = PBXBuildFile; fileRef = 112E5D452AC561550007BBE8 /* AuctionBuyerDetailView.swift */; };
		113A15712AC1195E00ED0555 /* PaymentChoiceView.swift in Sources */ = {isa = PBXBuildFile; fileRef = 113A15702AC1195E00ED0555 /* PaymentChoiceView.swift */; };
		114F305B2ABD1A79008497A8 /* AuctionMainView.swift in Sources */ = {isa = PBXBuildFile; fileRef = 114F305A2ABD1A79008497A8 /* AuctionMainView.swift */; };
		11BAE3752ACCE82400F887C7 /* AuctionBidSheetView.swift in Sources */ = {isa = PBXBuildFile; fileRef = 11BAE3742ACCE82400F887C7 /* AuctionBidSheetView.swift */; };
		11E4DA5F2ABACBBC00EC84D9 /* PaymentAddressView.swift in Sources */ = {isa = PBXBuildFile; fileRef = 11E4DA5E2ABACBBC00EC84D9 /* PaymentAddressView.swift */; };
		11F7EEB82ABBD515003E3A8C /* PaymentInfo.swift in Sources */ = {isa = PBXBuildFile; fileRef = 11F7EEB72ABBD515003E3A8C /* PaymentInfo.swift */; };
		11F7EEBA2ABBD812003E3A8C /* AuctionProduct.swift in Sources */ = {isa = PBXBuildFile; fileRef = 11F7EEB92ABBD812003E3A8C /* AuctionProduct.swift */; };
		11F7EEBC2ABBE382003E3A8C /* ApplyProduct.swift in Sources */ = {isa = PBXBuildFile; fileRef = 11F7EEBB2ABBE382003E3A8C /* ApplyProduct.swift */; };
		648689132ACE751800423321 /* TimerView.swift in Sources */ = {isa = PBXBuildFile; fileRef = 648689122ACE751800423321 /* TimerView.swift */; };
		64A043FE2ACFE49A0010D547 /* ExpandableText in Frameworks */ = {isa = PBXBuildFile; productRef = 64A043FD2ACFE49A0010D547 /* ExpandableText */; };
		64A6826D2AC28C43007BF628 /* PaymentCardAddView.swift in Sources */ = {isa = PBXBuildFile; fileRef = 64A6826C2AC28C43007BF628 /* PaymentCardAddView.swift */; };
		64A6826F2AC2C55E007BF628 /* PaymentAddressWebView.swift in Sources */ = {isa = PBXBuildFile; fileRef = 64A6826E2AC2C55E007BF628 /* PaymentAddressWebView.swift */; };
		64E105C12ABD2A8C00BFD3DF /* PaymentReceiptView.swift in Sources */ = {isa = PBXBuildFile; fileRef = 64E105C02ABD2A8C00BFD3DF /* PaymentReceiptView.swift */; };
		64E105C62ABD4C2700BFD3DF /* PaymentAddressViewModel.swift in Sources */ = {isa = PBXBuildFile; fileRef = 64E105C52ABD4C2700BFD3DF /* PaymentAddressViewModel.swift */; };
		64E105C82ABD575A00BFD3DF /* Productable.swift in Sources */ = {isa = PBXBuildFile; fileRef = 64E105C72ABD575A00BFD3DF /* Productable.swift */; };
		844BB4E92ACBE8A3004891DD /* LoginAddressWebView.swift in Sources */ = {isa = PBXBuildFile; fileRef = 844BB4E82ACBE8A3004891DD /* LoginAddressWebView.swift */; };
		844BB4EB2ACD2CCC004891DD /* ApplySheetView.swift in Sources */ = {isa = PBXBuildFile; fileRef = 844BB4EA2ACD2CCC004891DD /* ApplySheetView.swift */; };
		844BB4ED2ACD2F22004891DD /* ApplyBuyerView.swift in Sources */ = {isa = PBXBuildFile; fileRef = 844BB4EC2ACD2F22004891DD /* ApplyBuyerView.swift */; };
		844BB4F12ACD4E8B004891DD /* ApplyMyTicketView.swift in Sources */ = {isa = PBXBuildFile; fileRef = 844BB4F02ACD4E8B004891DD /* ApplyMyTicketView.swift */; };
		844BB4F32ACF9D7F004891DD /* ApplyFilter.swift in Sources */ = {isa = PBXBuildFile; fileRef = 844BB4F22ACF9D7F004891DD /* ApplyFilter.swift */; };
		844BB4F52ACF9E4F004891DD /* ApplyFilterButtonView.swift in Sources */ = {isa = PBXBuildFile; fileRef = 844BB4F42ACF9E4F004891DD /* ApplyFilterButtonView.swift */; };
		844BB4F72ACFD7BF004891DD /* InfanFetchUser.swift in Sources */ = {isa = PBXBuildFile; fileRef = 844BB4F62ACFD7BF004891DD /* InfanFetchUser.swift */; };
		8483640C2AC41FDE00FEAE23 /* ToastMessage.swift in Sources */ = {isa = PBXBuildFile; fileRef = 8483640B2AC41FDE00FEAE23 /* ToastMessage.swift */; };
		849B64B02ABD595B00C4AC8D /* KakaoSDK in Frameworks */ = {isa = PBXBuildFile; productRef = 849B64AF2ABD595B00C4AC8D /* KakaoSDK */; };
		849B64B22ABD5ABC00C4AC8D /* GoogleService-Info.plist in Resources */ = {isa = PBXBuildFile; fileRef = 849B64B12ABD5ABC00C4AC8D /* GoogleService-Info.plist */; };
		849B64C32ABD600D00C4AC8D /* LoginStore.swift in Sources */ = {isa = PBXBuildFile; fileRef = 849B64C22ABD600D00C4AC8D /* LoginStore.swift */; };
		849B64C52ABD691600C4AC8D /* SignUpUser.swift in Sources */ = {isa = PBXBuildFile; fileRef = 849B64C42ABD691600C4AC8D /* SignUpUser.swift */; };
		849B64C72ABD742F00C4AC8D /* ApplyTicket.swift in Sources */ = {isa = PBXBuildFile; fileRef = 849B64C62ABD742F00C4AC8D /* ApplyTicket.swift */; };
		84BF5D432ABAC84F008C0766 /* LoginSignUpView.swift in Sources */ = {isa = PBXBuildFile; fileRef = 84BF5D422ABAC84F008C0766 /* LoginSignUpView.swift */; };
		9E37657E2AC294520026CA6F /* DeliveryMessageView.swift in Sources */ = {isa = PBXBuildFile; fileRef = 9E37657D2AC294520026CA6F /* DeliveryMessageView.swift */; };
		9E5A8FB92ABACD7C00654850 /* PaymentMethodView.swift in Sources */ = {isa = PBXBuildFile; fileRef = 9E5A8FB82ABACD7C00654850 /* PaymentMethodView.swift */; };
		9E5A8FBB2ABAD8B400654850 /* PayButtonView.swift in Sources */ = {isa = PBXBuildFile; fileRef = 9E5A8FBA2ABAD8B400654850 /* PayButtonView.swift */; };
		A00EE0A12ACE447200E03146 /* InfanTextField.swift in Sources */ = {isa = PBXBuildFile; fileRef = A00EE0A02ACE447200E03146 /* InfanTextField.swift */; };
		A05C94F32ACF1374003243B7 /* InfanMainButton.swift in Sources */ = {isa = PBXBuildFile; fileRef = A05C94F22ACF1374003243B7 /* InfanMainButton.swift */; };
		A05C94F52ACFFF06003243B7 /* AuctionItemImage.swift in Sources */ = {isa = PBXBuildFile; fileRef = A05C94F42ACFFF06003243B7 /* AuctionItemImage.swift */; };
		A086C79F2ABD16DC00F0BF9B /* CGFloat+Extension.swift in Sources */ = {isa = PBXBuildFile; fileRef = A086C79E2ABD16DC00F0BF9B /* CGFloat+Extension.swift */; };
		A086C7A12ABD205F00F0BF9B /* InfanNavigationBar.swift in Sources */ = {isa = PBXBuildFile; fileRef = A086C7A02ABD205E00F0BF9B /* InfanNavigationBar.swift */; };
		A086C7A42ABD278200F0BF9B /* FirebaseAppCheck in Frameworks */ = {isa = PBXBuildFile; productRef = A086C7A32ABD278200F0BF9B /* FirebaseAppCheck */; };
		A086C7A62ABD278200F0BF9B /* FirebaseAuth in Frameworks */ = {isa = PBXBuildFile; productRef = A086C7A52ABD278200F0BF9B /* FirebaseAuth */; };
		A086C7A82ABD278200F0BF9B /* FirebaseAuthCombine-Community in Frameworks */ = {isa = PBXBuildFile; productRef = A086C7A72ABD278200F0BF9B /* FirebaseAuthCombine-Community */; };
		A086C7AA2ABD278200F0BF9B /* FirebaseDatabase in Frameworks */ = {isa = PBXBuildFile; productRef = A086C7A92ABD278200F0BF9B /* FirebaseDatabase */; };
		A086C7AC2ABD278200F0BF9B /* FirebaseDatabaseSwift in Frameworks */ = {isa = PBXBuildFile; productRef = A086C7AB2ABD278200F0BF9B /* FirebaseDatabaseSwift */; };
		A086C7AE2ABD278200F0BF9B /* FirebaseFirestore in Frameworks */ = {isa = PBXBuildFile; productRef = A086C7AD2ABD278200F0BF9B /* FirebaseFirestore */; };
		A086C7B02ABD278200F0BF9B /* FirebaseFirestoreSwift in Frameworks */ = {isa = PBXBuildFile; productRef = A086C7AF2ABD278200F0BF9B /* FirebaseFirestoreSwift */; };
		A086C7B22ABD278200F0BF9B /* FirebaseMessaging in Frameworks */ = {isa = PBXBuildFile; productRef = A086C7B12ABD278200F0BF9B /* FirebaseMessaging */; };
		A086C7B42ABD278200F0BF9B /* FirebaseStorage in Frameworks */ = {isa = PBXBuildFile; productRef = A086C7B32ABD278200F0BF9B /* FirebaseStorage */; };
		A086C7B62ABD278200F0BF9B /* FirebaseStorageCombine-Community in Frameworks */ = {isa = PBXBuildFile; productRef = A086C7B52ABD278200F0BF9B /* FirebaseStorageCombine-Community */; };
		A086C7BA2ABD308200F0BF9B /* View+Modifier.swift in Sources */ = {isa = PBXBuildFile; fileRef = A086C7B92ABD308200F0BF9B /* View+Modifier.swift */; };
		A08EECBA2ACEF842009DFCDE /* InfanTextEditor.swift in Sources */ = {isa = PBXBuildFile; fileRef = A08EECB92ACEF842009DFCDE /* InfanTextEditor.swift */; };
		A091E5642AB9FB65000894FC /* InfantoryApp.swift in Sources */ = {isa = PBXBuildFile; fileRef = A091E5632AB9FB65000894FC /* InfantoryApp.swift */; };
		A091E5682AB9FB68000894FC /* Assets.xcassets in Resources */ = {isa = PBXBuildFile; fileRef = A091E5672AB9FB68000894FC /* Assets.xcassets */; };
		A091E56B2AB9FB68000894FC /* Preview Assets.xcassets in Resources */ = {isa = PBXBuildFile; fileRef = A091E56A2AB9FB68000894FC /* Preview Assets.xcassets */; };
		A091E5732AB9FC5C000894FC /* .swiftlint.yml in Resources */ = {isa = PBXBuildFile; fileRef = A091E5722AB9FC5C000894FC /* .swiftlint.yml */; };
		A091E57E2ABAA553000894FC /* Empty1.swift in Sources */ = {isa = PBXBuildFile; fileRef = A091E57D2ABAA553000894FC /* Empty1.swift */; };
		A091E5892ABAA5A0000894FC /* HomeMainView.swift in Sources */ = {isa = PBXBuildFile; fileRef = A091E5882ABAA5A0000894FC /* HomeMainView.swift */; };
		A091E58F2ABAA616000894FC /* Empty6.swift in Sources */ = {isa = PBXBuildFile; fileRef = A091E58E2ABAA616000894FC /* Empty6.swift */; };
		A091E5912ABAA61C000894FC /* LoginMainView.swift in Sources */ = {isa = PBXBuildFile; fileRef = A091E5902ABAA61C000894FC /* LoginMainView.swift */; };
		A091E5A52ABC1E9B000894FC /* Colors.xcassets in Resources */ = {isa = PBXBuildFile; fileRef = A091E5A42ABC1E9B000894FC /* Colors.xcassets */; };
		A091E5A72ABC740D000894FC /* Font+Extension.swift in Sources */ = {isa = PBXBuildFile; fileRef = A091E5A62ABC740D000894FC /* Font+Extension.swift */; };
		A091E5A92ABC7415000894FC /* Color+Extension.swift in Sources */ = {isa = PBXBuildFile; fileRef = A091E5A82ABC7415000894FC /* Color+Extension.swift */; };
		A091E5AC2ABC76CA000894FC /* MainTabView.swift in Sources */ = {isa = PBXBuildFile; fileRef = A091E5AB2ABC76CA000894FC /* MainTabView.swift */; };
		A091E5B02ABC7917000894FC /* ApplyMainView.swift in Sources */ = {isa = PBXBuildFile; fileRef = A091E5AF2ABC7917000894FC /* ApplyMainView.swift */; };
		A091E5B22ABC7A21000894FC /* MyMainView.swift in Sources */ = {isa = PBXBuildFile; fileRef = A091E5B12ABC7A20000894FC /* MyMainView.swift */; };
		A091E5B42ABC7EA0000894FC /* ActivityMainView.swift in Sources */ = {isa = PBXBuildFile; fileRef = A091E5B32ABC7E9F000894FC /* ActivityMainView.swift */; };
		A0A6628F2ACD8074000F2EF6 /* InfanDateFormatter.swift in Sources */ = {isa = PBXBuildFile; fileRef = A0A6628E2ACD8074000F2EF6 /* InfanDateFormatter.swift */; };
		A0B5AFD32AC2ACF40055E714 /* AuctionFilter.swift in Sources */ = {isa = PBXBuildFile; fileRef = A0B5AFD22AC2ACF40055E714 /* AuctionFilter.swift */; };
		A0B5AFDB2AC2C3830055E714 /* InfanHorizontalPadding.swift in Sources */ = {isa = PBXBuildFile; fileRef = A0B5AFDA2AC2C3830055E714 /* InfanHorizontalPadding.swift */; };
		A0B5AFDE2AC3EC2B0055E714 /* Appkey.swift in Sources */ = {isa = PBXBuildFile; fileRef = A0B5AFDD2AC3EC2A0055E714 /* Appkey.swift */; };
		A0B5AFE22AC3FE130055E714 /* PaymentAddressViewModel.swift in Sources */ = {isa = PBXBuildFile; fileRef = A0B5AFDF2AC3FE120055E714 /* PaymentAddressViewModel.swift */; };
		A0B5AFE32AC3FE130055E714 /* PaymentViewModel.swift in Sources */ = {isa = PBXBuildFile; fileRef = A0B5AFE02AC3FE130055E714 /* PaymentViewModel.swift */; };
		A0B5AFE42AC3FE130055E714 /* PaymentPriceViewModel.swift in Sources */ = {isa = PBXBuildFile; fileRef = A0B5AFE12AC3FE130055E714 /* PaymentPriceViewModel.swift */; };
		EC4D59C22ABD9C99007FC25E /* PaymentPriceView.swift in Sources */ = {isa = PBXBuildFile; fileRef = EC4D59C12ABD9C99007FC25E /* PaymentPriceView.swift */; };
		EC7B11692ABAC984001303D1 /* LoginSheetView.swift in Sources */ = {isa = PBXBuildFile; fileRef = EC7B11682ABAC984001303D1 /* LoginSheetView.swift */; };
/* End PBXBuildFile section */

/* Begin PBXFileReference section */
		015783392ABD5F86001FEC98 /* AuctionProductViewModel.swift */ = {isa = PBXFileReference; lastKnownFileType = sourcecode.swift; path = AuctionProductViewModel.swift; sourceTree = "<group>"; };
		0157833B2AC11790001FEC98 /* AuctionDetailView.swift */ = {isa = PBXFileReference; lastKnownFileType = sourcecode.swift; path = AuctionDetailView.swift; sourceTree = "<group>"; };
		0157833D2AC121E2001FEC98 /* AuctionDetailImageView.swift */ = {isa = PBXFileReference; lastKnownFileType = sourcecode.swift; path = AuctionDetailImageView.swift; sourceTree = "<group>"; };
		0157833F2AC3BDBB001FEC98 /* ApplyProductListView.swift */ = {isa = PBXFileReference; lastKnownFileType = sourcecode.swift; path = ApplyProductListView.swift; sourceTree = "<group>"; };
		0C25176D2AC1453200B0EF03 /* AuctionDetailDescriptionView.swift */ = {isa = PBXFileReference; lastKnownFileType = sourcecode.swift; path = AuctionDetailDescriptionView.swift; sourceTree = "<group>"; };
		0C82A32C2AC278A6009F6D97 /* ApplyRegistrationView.swift */ = {isa = PBXFileReference; lastKnownFileType = sourcecode.swift; path = ApplyRegistrationView.swift; sourceTree = "<group>"; };
		0C82A32E2AC279BB009F6D97 /* ApplyProductViewModel.swift */ = {isa = PBXFileReference; lastKnownFileType = sourcecode.swift; path = ApplyProductViewModel.swift; sourceTree = "<group>"; };
		0C82A3302AC2934E009F6D97 /* ApplyDetailView.swift */ = {isa = PBXFileReference; lastKnownFileType = sourcecode.swift; path = ApplyDetailView.swift; sourceTree = "<group>"; };
		0C82A3332AC29625009F6D97 /* ApplyDetailDescriptionView.swift */ = {isa = PBXFileReference; lastKnownFileType = sourcecode.swift; path = ApplyDetailDescriptionView.swift; sourceTree = "<group>"; };
		0C82A3352AC29640009F6D97 /* ApplyDetailImageView.swift */ = {isa = PBXFileReference; lastKnownFileType = sourcecode.swift; path = ApplyDetailImageView.swift; sourceTree = "<group>"; };
		0C82A3372AC29A0B009F6D97 /* ApplyLogoCell.swift */ = {isa = PBXFileReference; lastKnownFileType = sourcecode.swift; path = ApplyLogoCell.swift; sourceTree = "<group>"; };
		0CD2F6FE2ABD4D8400FCF88E /* AuctionButtonCell.swift */ = {isa = PBXFileReference; lastKnownFileType = sourcecode.swift; path = AuctionButtonCell.swift; sourceTree = "<group>"; };
		0CD2F7002ABD4EE100FCF88E /* ProductListView.swift */ = {isa = PBXFileReference; lastKnownFileType = sourcecode.swift; path = ProductListView.swift; sourceTree = "<group>"; };
		0CD2F7022ABD4F6A00FCF88E /* AuctionLogoCell.swift */ = {isa = PBXFileReference; lastKnownFileType = sourcecode.swift; path = AuctionLogoCell.swift; sourceTree = "<group>"; };
		0CD2F7042ABD50F500FCF88E /* User.swift */ = {isa = PBXFileReference; lastKnownFileType = sourcecode.swift; path = User.swift; sourceTree = "<group>"; };
		0CE402182ABAC91A00F69B7E /* AuctionRegistrationView.swift */ = {isa = PBXFileReference; lastKnownFileType = sourcecode.swift; path = AuctionRegistrationView.swift; sourceTree = "<group>"; };
		0CE4021B2ABACA3400F69B7E /* InfluencerImageCell.swift */ = {isa = PBXFileReference; lastKnownFileType = sourcecode.swift; path = InfluencerImageCell.swift; sourceTree = "<group>"; };
		0CED224F2ACCFB4300CD1456 /* ApplyImagePickerView.swift */ = {isa = PBXFileReference; lastKnownFileType = sourcecode.swift; path = ApplyImagePickerView.swift; sourceTree = "<group>"; };
		0CED22532ACD40E100CD1456 /* AuctionRegisterStore.swift */ = {isa = PBXFileReference; lastKnownFileType = sourcecode.swift; path = AuctionRegisterStore.swift; sourceTree = "<group>"; };
		11183A6E2ACD40D30010012C /* AuctionViewModel.swift */ = {isa = PBXFileReference; lastKnownFileType = sourcecode.swift; path = AuctionViewModel.swift; sourceTree = "<group>"; };
		11183A722ACF8BC50010012C /* ProfileRowView.swift */ = {isa = PBXFileReference; lastKnownFileType = sourcecode.swift; path = ProfileRowView.swift; sourceTree = "<group>"; };
		11183A742ACF9C670010012C /* ProfileSheetView.swift */ = {isa = PBXFileReference; lastKnownFileType = sourcecode.swift; path = ProfileSheetView.swift; sourceTree = "<group>"; };
		111924852ABAC7B9003821FD /* PaymentView.swift */ = {isa = PBXFileReference; lastKnownFileType = sourcecode.swift; path = PaymentView.swift; sourceTree = "<group>"; };
		112E5D432AC555D40007BBE8 /* AuctionBuyerView.swift */ = {isa = PBXFileReference; lastKnownFileType = sourcecode.swift; path = AuctionBuyerView.swift; sourceTree = "<group>"; };
		112E5D452AC561550007BBE8 /* AuctionBuyerDetailView.swift */ = {isa = PBXFileReference; lastKnownFileType = sourcecode.swift; path = AuctionBuyerDetailView.swift; sourceTree = "<group>"; };
		113A15702AC1195E00ED0555 /* PaymentChoiceView.swift */ = {isa = PBXFileReference; fileEncoding = 4; lastKnownFileType = sourcecode.swift; path = PaymentChoiceView.swift; sourceTree = "<group>"; };
		114F305A2ABD1A79008497A8 /* AuctionMainView.swift */ = {isa = PBXFileReference; fileEncoding = 4; lastKnownFileType = sourcecode.swift; path = AuctionMainView.swift; sourceTree = "<group>"; };
		11BAE3742ACCE82400F887C7 /* AuctionBidSheetView.swift */ = {isa = PBXFileReference; lastKnownFileType = sourcecode.swift; path = AuctionBidSheetView.swift; sourceTree = "<group>"; };
		11E4DA5E2ABACBBC00EC84D9 /* PaymentAddressView.swift */ = {isa = PBXFileReference; lastKnownFileType = sourcecode.swift; path = PaymentAddressView.swift; sourceTree = "<group>"; };
		11F7EEB72ABBD515003E3A8C /* PaymentInfo.swift */ = {isa = PBXFileReference; lastKnownFileType = sourcecode.swift; path = PaymentInfo.swift; sourceTree = "<group>"; };
		11F7EEB92ABBD812003E3A8C /* AuctionProduct.swift */ = {isa = PBXFileReference; lastKnownFileType = sourcecode.swift; path = AuctionProduct.swift; sourceTree = "<group>"; };
		11F7EEBB2ABBE382003E3A8C /* ApplyProduct.swift */ = {isa = PBXFileReference; lastKnownFileType = sourcecode.swift; path = ApplyProduct.swift; sourceTree = "<group>"; };
		648689122ACE751800423321 /* TimerView.swift */ = {isa = PBXFileReference; lastKnownFileType = sourcecode.swift; path = TimerView.swift; sourceTree = "<group>"; };
		64A6826C2AC28C43007BF628 /* PaymentCardAddView.swift */ = {isa = PBXFileReference; lastKnownFileType = sourcecode.swift; path = PaymentCardAddView.swift; sourceTree = "<group>"; };
		64A6826E2AC2C55E007BF628 /* PaymentAddressWebView.swift */ = {isa = PBXFileReference; lastKnownFileType = sourcecode.swift; path = PaymentAddressWebView.swift; sourceTree = "<group>"; };
		64E105C02ABD2A8C00BFD3DF /* PaymentReceiptView.swift */ = {isa = PBXFileReference; lastKnownFileType = sourcecode.swift; path = PaymentReceiptView.swift; sourceTree = "<group>"; };
		64E105C52ABD4C2700BFD3DF /* PaymentAddressViewModel.swift */ = {isa = PBXFileReference; lastKnownFileType = sourcecode.swift; path = PaymentAddressViewModel.swift; sourceTree = "<group>"; };
		64E105C72ABD575A00BFD3DF /* Productable.swift */ = {isa = PBXFileReference; lastKnownFileType = sourcecode.swift; path = Productable.swift; sourceTree = "<group>"; };
		844BB4E82ACBE8A3004891DD /* LoginAddressWebView.swift */ = {isa = PBXFileReference; lastKnownFileType = sourcecode.swift; path = LoginAddressWebView.swift; sourceTree = "<group>"; };
		844BB4EA2ACD2CCC004891DD /* ApplySheetView.swift */ = {isa = PBXFileReference; lastKnownFileType = sourcecode.swift; path = ApplySheetView.swift; sourceTree = "<group>"; };
		844BB4EC2ACD2F22004891DD /* ApplyBuyerView.swift */ = {isa = PBXFileReference; lastKnownFileType = sourcecode.swift; path = ApplyBuyerView.swift; sourceTree = "<group>"; };
		844BB4F02ACD4E8B004891DD /* ApplyMyTicketView.swift */ = {isa = PBXFileReference; lastKnownFileType = sourcecode.swift; path = ApplyMyTicketView.swift; sourceTree = "<group>"; };
		844BB4F22ACF9D7F004891DD /* ApplyFilter.swift */ = {isa = PBXFileReference; lastKnownFileType = sourcecode.swift; path = ApplyFilter.swift; sourceTree = "<group>"; };
		844BB4F42ACF9E4F004891DD /* ApplyFilterButtonView.swift */ = {isa = PBXFileReference; lastKnownFileType = sourcecode.swift; path = ApplyFilterButtonView.swift; sourceTree = "<group>"; };
		844BB4F62ACFD7BF004891DD /* InfanFetchUser.swift */ = {isa = PBXFileReference; lastKnownFileType = sourcecode.swift; path = InfanFetchUser.swift; sourceTree = "<group>"; };
		8483640B2AC41FDE00FEAE23 /* ToastMessage.swift */ = {isa = PBXFileReference; lastKnownFileType = sourcecode.swift; path = ToastMessage.swift; sourceTree = "<group>"; };
		849B64AD2ABD526B00C4AC8D /* Info.plist */ = {isa = PBXFileReference; lastKnownFileType = text.plist.xml; path = Info.plist; sourceTree = "<group>"; };
		849B64B12ABD5ABC00C4AC8D /* GoogleService-Info.plist */ = {isa = PBXFileReference; fileEncoding = 4; lastKnownFileType = text.plist.xml; path = "GoogleService-Info.plist"; sourceTree = "<group>"; };
		849B64C22ABD600D00C4AC8D /* LoginStore.swift */ = {isa = PBXFileReference; lastKnownFileType = sourcecode.swift; path = LoginStore.swift; sourceTree = "<group>"; };
		849B64C42ABD691600C4AC8D /* SignUpUser.swift */ = {isa = PBXFileReference; lastKnownFileType = sourcecode.swift; path = SignUpUser.swift; sourceTree = "<group>"; };
		849B64C62ABD742F00C4AC8D /* ApplyTicket.swift */ = {isa = PBXFileReference; lastKnownFileType = sourcecode.swift; path = ApplyTicket.swift; sourceTree = "<group>"; };
		84BF5D422ABAC84F008C0766 /* LoginSignUpView.swift */ = {isa = PBXFileReference; lastKnownFileType = sourcecode.swift; path = LoginSignUpView.swift; sourceTree = "<group>"; };
		9E37657D2AC294520026CA6F /* DeliveryMessageView.swift */ = {isa = PBXFileReference; lastKnownFileType = sourcecode.swift; path = DeliveryMessageView.swift; sourceTree = "<group>"; };
		9E5A8FB82ABACD7C00654850 /* PaymentMethodView.swift */ = {isa = PBXFileReference; lastKnownFileType = sourcecode.swift; path = PaymentMethodView.swift; sourceTree = "<group>"; };
		9E5A8FBA2ABAD8B400654850 /* PayButtonView.swift */ = {isa = PBXFileReference; lastKnownFileType = sourcecode.swift; path = PayButtonView.swift; sourceTree = "<group>"; };
		A00EE0A02ACE447200E03146 /* InfanTextField.swift */ = {isa = PBXFileReference; lastKnownFileType = sourcecode.swift; path = InfanTextField.swift; sourceTree = "<group>"; };
		A05C94F22ACF1374003243B7 /* InfanMainButton.swift */ = {isa = PBXFileReference; lastKnownFileType = sourcecode.swift; path = InfanMainButton.swift; sourceTree = "<group>"; };
		A05C94F42ACFFF06003243B7 /* AuctionItemImage.swift */ = {isa = PBXFileReference; lastKnownFileType = sourcecode.swift; path = AuctionItemImage.swift; sourceTree = "<group>"; };
		A086C79E2ABD16DC00F0BF9B /* CGFloat+Extension.swift */ = {isa = PBXFileReference; lastKnownFileType = sourcecode.swift; path = "CGFloat+Extension.swift"; sourceTree = "<group>"; };
		A086C7A02ABD205E00F0BF9B /* InfanNavigationBar.swift */ = {isa = PBXFileReference; lastKnownFileType = sourcecode.swift; path = InfanNavigationBar.swift; sourceTree = "<group>"; };
		A086C7B92ABD308200F0BF9B /* View+Modifier.swift */ = {isa = PBXFileReference; lastKnownFileType = sourcecode.swift; path = "View+Modifier.swift"; sourceTree = "<group>"; };
		A08EECB92ACEF842009DFCDE /* InfanTextEditor.swift */ = {isa = PBXFileReference; lastKnownFileType = sourcecode.swift; path = InfanTextEditor.swift; sourceTree = "<group>"; };
		A091E5602AB9FB65000894FC /* Infantory.app */ = {isa = PBXFileReference; explicitFileType = wrapper.application; includeInIndex = 0; path = Infantory.app; sourceTree = BUILT_PRODUCTS_DIR; };
		A091E5632AB9FB65000894FC /* InfantoryApp.swift */ = {isa = PBXFileReference; lastKnownFileType = sourcecode.swift; path = InfantoryApp.swift; sourceTree = "<group>"; };
		A091E5672AB9FB68000894FC /* Assets.xcassets */ = {isa = PBXFileReference; lastKnownFileType = folder.assetcatalog; path = Assets.xcassets; sourceTree = "<group>"; };
		A091E56A2AB9FB68000894FC /* Preview Assets.xcassets */ = {isa = PBXFileReference; lastKnownFileType = folder.assetcatalog; path = "Preview Assets.xcassets"; sourceTree = "<group>"; };
		A091E5722AB9FC5C000894FC /* .swiftlint.yml */ = {isa = PBXFileReference; lastKnownFileType = text.yaml; path = .swiftlint.yml; sourceTree = "<group>"; };
		A091E57D2ABAA553000894FC /* Empty1.swift */ = {isa = PBXFileReference; lastKnownFileType = sourcecode.swift; path = Empty1.swift; sourceTree = "<group>"; };
		A091E5882ABAA5A0000894FC /* HomeMainView.swift */ = {isa = PBXFileReference; lastKnownFileType = sourcecode.swift; path = HomeMainView.swift; sourceTree = "<group>"; };
		A091E58E2ABAA616000894FC /* Empty6.swift */ = {isa = PBXFileReference; lastKnownFileType = sourcecode.swift; path = Empty6.swift; sourceTree = "<group>"; };
		A091E5902ABAA61C000894FC /* LoginMainView.swift */ = {isa = PBXFileReference; lastKnownFileType = sourcecode.swift; path = LoginMainView.swift; sourceTree = "<group>"; };
		A091E5A42ABC1E9B000894FC /* Colors.xcassets */ = {isa = PBXFileReference; lastKnownFileType = folder.assetcatalog; path = Colors.xcassets; sourceTree = "<group>"; };
		A091E5A62ABC740D000894FC /* Font+Extension.swift */ = {isa = PBXFileReference; lastKnownFileType = sourcecode.swift; path = "Font+Extension.swift"; sourceTree = "<group>"; };
		A091E5A82ABC7415000894FC /* Color+Extension.swift */ = {isa = PBXFileReference; lastKnownFileType = sourcecode.swift; path = "Color+Extension.swift"; sourceTree = "<group>"; };
		A091E5AB2ABC76CA000894FC /* MainTabView.swift */ = {isa = PBXFileReference; lastKnownFileType = sourcecode.swift; path = MainTabView.swift; sourceTree = "<group>"; };
		A091E5AF2ABC7917000894FC /* ApplyMainView.swift */ = {isa = PBXFileReference; lastKnownFileType = sourcecode.swift; path = ApplyMainView.swift; sourceTree = "<group>"; };
		A091E5B12ABC7A20000894FC /* MyMainView.swift */ = {isa = PBXFileReference; lastKnownFileType = sourcecode.swift; path = MyMainView.swift; sourceTree = "<group>"; };
		A091E5B32ABC7E9F000894FC /* ActivityMainView.swift */ = {isa = PBXFileReference; lastKnownFileType = sourcecode.swift; path = ActivityMainView.swift; sourceTree = "<group>"; };
		A0A6628E2ACD8074000F2EF6 /* InfanDateFormatter.swift */ = {isa = PBXFileReference; lastKnownFileType = sourcecode.swift; path = InfanDateFormatter.swift; sourceTree = "<group>"; };
		A0B5AFD22AC2ACF40055E714 /* AuctionFilter.swift */ = {isa = PBXFileReference; lastKnownFileType = sourcecode.swift; path = AuctionFilter.swift; sourceTree = "<group>"; };
		A0B5AFDA2AC2C3830055E714 /* InfanHorizontalPadding.swift */ = {isa = PBXFileReference; lastKnownFileType = sourcecode.swift; path = InfanHorizontalPadding.swift; sourceTree = "<group>"; };
		A0B5AFDC2AC3E2BE0055E714 /* Config.xcconfig */ = {isa = PBXFileReference; lastKnownFileType = text.xcconfig; path = Config.xcconfig; sourceTree = "<group>"; };
		A0B5AFDD2AC3EC2A0055E714 /* Appkey.swift */ = {isa = PBXFileReference; lastKnownFileType = sourcecode.swift; path = Appkey.swift; sourceTree = "<group>"; };
		A0B5AFDF2AC3FE120055E714 /* PaymentAddressViewModel.swift */ = {isa = PBXFileReference; fileEncoding = 4; lastKnownFileType = sourcecode.swift; path = PaymentAddressViewModel.swift; sourceTree = "<group>"; };
		A0B5AFE02AC3FE130055E714 /* PaymentViewModel.swift */ = {isa = PBXFileReference; fileEncoding = 4; lastKnownFileType = sourcecode.swift; path = PaymentViewModel.swift; sourceTree = "<group>"; };
		A0B5AFE12AC3FE130055E714 /* PaymentPriceViewModel.swift */ = {isa = PBXFileReference; fileEncoding = 4; lastKnownFileType = sourcecode.swift; path = PaymentPriceViewModel.swift; sourceTree = "<group>"; };
		EC4D59C12ABD9C99007FC25E /* PaymentPriceView.swift */ = {isa = PBXFileReference; lastKnownFileType = sourcecode.swift; path = PaymentPriceView.swift; sourceTree = "<group>"; };
		EC7B11682ABAC984001303D1 /* LoginSheetView.swift */ = {isa = PBXFileReference; lastKnownFileType = sourcecode.swift; path = LoginSheetView.swift; sourceTree = "<group>"; };
/* End PBXFileReference section */

/* Begin PBXFrameworksBuildPhase section */
		A091E55D2AB9FB65000894FC /* Frameworks */ = {
			isa = PBXFrameworksBuildPhase;
			buildActionMask = 2147483647;
			files = (
				849B64B02ABD595B00C4AC8D /* KakaoSDK in Frameworks */,
				A086C7B22ABD278200F0BF9B /* FirebaseMessaging in Frameworks */,
				A086C7AC2ABD278200F0BF9B /* FirebaseDatabaseSwift in Frameworks */,
				64A043FE2ACFE49A0010D547 /* ExpandableText in Frameworks */,
				A086C7B62ABD278200F0BF9B /* FirebaseStorageCombine-Community in Frameworks */,
				A086C7B42ABD278200F0BF9B /* FirebaseStorage in Frameworks */,
				A086C7A42ABD278200F0BF9B /* FirebaseAppCheck in Frameworks */,
				A086C7A82ABD278200F0BF9B /* FirebaseAuthCombine-Community in Frameworks */,
				A086C7B02ABD278200F0BF9B /* FirebaseFirestoreSwift in Frameworks */,
				A086C7AA2ABD278200F0BF9B /* FirebaseDatabase in Frameworks */,
				A086C7A62ABD278200F0BF9B /* FirebaseAuth in Frameworks */,
				A086C7AE2ABD278200F0BF9B /* FirebaseFirestore in Frameworks */,
			);
			runOnlyForDeploymentPostprocessing = 0;
		};
/* End PBXFrameworksBuildPhase section */

/* Begin PBXGroup section */
		0C82A3322AC295FC009F6D97 /* SubView */ = {
			isa = PBXGroup;
			children = (
				0157833F2AC3BDBB001FEC98 /* ApplyProductListView.swift */,
				844BB4F42ACF9E4F004891DD /* ApplyFilterButtonView.swift */,
				0C82A3332AC29625009F6D97 /* ApplyDetailDescriptionView.swift */,
				844BB4EC2ACD2F22004891DD /* ApplyBuyerView.swift */,
				844BB4F02ACD4E8B004891DD /* ApplyMyTicketView.swift */,
				844BB4EA2ACD2CCC004891DD /* ApplySheetView.swift */,
				0C82A3352AC29640009F6D97 /* ApplyDetailImageView.swift */,
				0CED224F2ACCFB4300CD1456 /* ApplyImagePickerView.swift */,
				0C82A3372AC29A0B009F6D97 /* ApplyLogoCell.swift */,
			);
			path = SubView;
			sourceTree = "<group>";
		};
		0CE4021A2ABACA1000F69B7E /* SubView */ = {
			isa = PBXGroup;
			children = (
				0CE4021B2ABACA3400F69B7E /* InfluencerImageCell.swift */,
				0CD2F6FE2ABD4D8400FCF88E /* AuctionButtonCell.swift */,
				0CD2F7022ABD4F6A00FCF88E /* AuctionLogoCell.swift */,
				0CD2F7002ABD4EE100FCF88E /* ProductListView.swift */,
				0C25176D2AC1453200B0EF03 /* AuctionDetailDescriptionView.swift */,
				0157833D2AC121E2001FEC98 /* AuctionDetailImageView.swift */,
				112E5D432AC555D40007BBE8 /* AuctionBuyerView.swift */,
				112E5D452AC561550007BBE8 /* AuctionBuyerDetailView.swift */,
				11BAE3742ACCE82400F887C7 /* AuctionBidSheetView.swift */,
				A05C94F42ACFFF06003243B7 /* AuctionItemImage.swift */,
			);
			path = SubView;
			sourceTree = "<group>";
		};
		111924822ABAC70F003821FD /* Payment */ = {
			isa = PBXGroup;
			children = (
				111924852ABAC7B9003821FD /* PaymentView.swift */,
				64E105C02ABD2A8C00BFD3DF /* PaymentReceiptView.swift */,
				113A15702AC1195E00ED0555 /* PaymentChoiceView.swift */,
				9E5A8FB82ABACD7C00654850 /* PaymentMethodView.swift */,
				64A6826C2AC28C43007BF628 /* PaymentCardAddView.swift */,
				A0B5AFCC2AC1D2750055E714 /* Subview */,
			);
			path = Payment;
			sourceTree = "<group>";
		};
		6479BDF82AC3EC4D00AA6545 /* payment */ = {
			isa = PBXGroup;
			children = (
				A0B5AFDF2AC3FE120055E714 /* PaymentAddressViewModel.swift */,
				A0B5AFE12AC3FE130055E714 /* PaymentPriceViewModel.swift */,
				A0B5AFE02AC3FE130055E714 /* PaymentViewModel.swift */,
				64E105C52ABD4C2700BFD3DF /* PaymentAddressViewModel.swift */,
			);
			path = payment;
			sourceTree = "<group>";
		};
		64E105C92ABD578E00BFD3DF /* Protocol */ = {
			isa = PBXGroup;
			children = (
				64E105C72ABD575A00BFD3DF /* Productable.swift */,
			);
			path = Protocol;
			sourceTree = "<group>";
		};
		A091E5572AB9FB65000894FC = {
			isa = PBXGroup;
			children = (
				A091E5722AB9FC5C000894FC /* .swiftlint.yml */,
				A091E5622AB9FB65000894FC /* Infantory */,
				A091E5612AB9FB65000894FC /* Products */,
			);
			sourceTree = "<group>";
		};
		A091E5612AB9FB65000894FC /* Products */ = {
			isa = PBXGroup;
			children = (
				A091E5602AB9FB65000894FC /* Infantory.app */,
			);
			name = Products;
			sourceTree = "<group>";
		};
		A091E5622AB9FB65000894FC /* Infantory */ = {
			isa = PBXGroup;
			children = (
				849B64B12ABD5ABC00C4AC8D /* GoogleService-Info.plist */,
				849B64AD2ABD526B00C4AC8D /* Info.plist */,
				A0B5AFCD2AC1D42D0055E714 /* Resource */,
				A091E5772ABAA4A0000894FC /* Service */,
				A091E5762ABAA498000894FC /* Util */,
				A091E58A2ABAA5A7000894FC /* Extension */,
				A091E5782ABAA4A6000894FC /* Model */,
				A091E5752ABAA491000894FC /* ViewModel */,
				A091E5742ABAA487000894FC /* View */,
				A091E5692AB9FB68000894FC /* Preview Content */,
			);
			path = Infantory;
			sourceTree = "<group>";
		};
		A091E5692AB9FB68000894FC /* Preview Content */ = {
			isa = PBXGroup;
			children = (
				A091E56A2AB9FB68000894FC /* Preview Assets.xcassets */,
			);
			path = "Preview Content";
			sourceTree = "<group>";
		};
		A091E5742ABAA487000894FC /* View */ = {
			isa = PBXGroup;
			children = (
				A091E58B2ABAA5AD000894FC /* Common */,
				A091E5A22ABAAF54000894FC /* CommonView */,
				A091E5AA2ABC76B6000894FC /* MainTab */,
				A091E57A2ABAA4C3000894FC /* Splash */,
				111924822ABAC70F003821FD /* Payment */,
				A091E5792ABAA4AF000894FC /* Login */,
				A091E5872ABAA584000894FC /* Home */,
				A091E57C2ABAA515000894FC /* Auction */,
				A091E57B2ABAA4D3000894FC /* Apply */,
				A091E5862ABAA57B000894FC /* Activity */,
				A091E5852ABAA573000894FC /* My */,
			);
			path = View;
			sourceTree = "<group>";
		};
		A091E5752ABAA491000894FC /* ViewModel */ = {
			isa = PBXGroup;
			children = (
				849B64C22ABD600D00C4AC8D /* LoginStore.swift */,
				015783392ABD5F86001FEC98 /* AuctionProductViewModel.swift */,
				0C82A32E2AC279BB009F6D97 /* ApplyProductViewModel.swift */,
				0CED22532ACD40E100CD1456 /* AuctionRegisterStore.swift */,
				6479BDF82AC3EC4D00AA6545 /* payment */,
				11183A6E2ACD40D30010012C /* AuctionViewModel.swift */,
			);
			path = ViewModel;
			sourceTree = "<group>";
		};
		A091E5762ABAA498000894FC /* Util */ = {
			isa = PBXGroup;
			children = (
				A0A6628E2ACD8074000F2EF6 /* InfanDateFormatter.swift */,
			);
			path = Util;
			sourceTree = "<group>";
		};
		A091E5772ABAA4A0000894FC /* Service */ = {
			isa = PBXGroup;
			children = (
				A091E57D2ABAA553000894FC /* Empty1.swift */,
			);
			path = Service;
			sourceTree = "<group>";
		};
		A091E5782ABAA4A6000894FC /* Model */ = {
			isa = PBXGroup;
			children = (
				64E105C92ABD578E00BFD3DF /* Protocol */,
				0CD2F7042ABD50F500FCF88E /* User.swift */,
				849B64C42ABD691600C4AC8D /* SignUpUser.swift */,
				11F7EEB92ABBD812003E3A8C /* AuctionProduct.swift */,
				11F7EEBB2ABBE382003E3A8C /* ApplyProduct.swift */,
				849B64C62ABD742F00C4AC8D /* ApplyTicket.swift */,
				11F7EEB72ABBD515003E3A8C /* PaymentInfo.swift */,
				A0B5AFD22AC2ACF40055E714 /* AuctionFilter.swift */,
				844BB4F22ACF9D7F004891DD /* ApplyFilter.swift */,
			);
			path = Model;
			sourceTree = "<group>";
		};
		A091E5792ABAA4AF000894FC /* Login */ = {
			isa = PBXGroup;
			children = (
				A091E5902ABAA61C000894FC /* LoginMainView.swift */,
				84BF5D422ABAC84F008C0766 /* LoginSignUpView.swift */,
				844BB4E82ACBE8A3004891DD /* LoginAddressWebView.swift */,
			);
			path = Login;
			sourceTree = "<group>";
		};
		A091E57A2ABAA4C3000894FC /* Splash */ = {
			isa = PBXGroup;
			children = (
				A091E58E2ABAA616000894FC /* Empty6.swift */,
			);
			path = Splash;
			sourceTree = "<group>";
		};
		A091E57B2ABAA4D3000894FC /* Apply */ = {
			isa = PBXGroup;
			children = (
				A091E5AF2ABC7917000894FC /* ApplyMainView.swift */,
				0C82A32C2AC278A6009F6D97 /* ApplyRegistrationView.swift */,
				0C82A3302AC2934E009F6D97 /* ApplyDetailView.swift */,
				0C82A3322AC295FC009F6D97 /* SubView */,
			);
			path = Apply;
			sourceTree = "<group>";
		};
		A091E57C2ABAA515000894FC /* Auction */ = {
			isa = PBXGroup;
			children = (
				648689122ACE751800423321 /* TimerView.swift */,
				114F305A2ABD1A79008497A8 /* AuctionMainView.swift */,
				0CE402182ABAC91A00F69B7E /* AuctionRegistrationView.swift */,
				0157833B2AC11790001FEC98 /* AuctionDetailView.swift */,
				0CE4021A2ABACA1000F69B7E /* SubView */,
			);
			path = Auction;
			sourceTree = "<group>";
		};
		A091E5852ABAA573000894FC /* My */ = {
			isa = PBXGroup;
			children = (
				A091E5B12ABC7A20000894FC /* MyMainView.swift */,
			);
			path = My;
			sourceTree = "<group>";
		};
		A091E5862ABAA57B000894FC /* Activity */ = {
			isa = PBXGroup;
			children = (
				A091E5B32ABC7E9F000894FC /* ActivityMainView.swift */,
			);
			path = Activity;
			sourceTree = "<group>";
		};
		A091E5872ABAA584000894FC /* Home */ = {
			isa = PBXGroup;
			children = (
				A091E5882ABAA5A0000894FC /* HomeMainView.swift */,
			);
			path = Home;
			sourceTree = "<group>";
		};
		A091E58A2ABAA5A7000894FC /* Extension */ = {
			isa = PBXGroup;
			children = (
				A091E5A62ABC740D000894FC /* Font+Extension.swift */,
				A091E5A82ABC7415000894FC /* Color+Extension.swift */,
				A086C79E2ABD16DC00F0BF9B /* CGFloat+Extension.swift */,
				A086C7B92ABD308200F0BF9B /* View+Modifier.swift */,
			);
			path = Extension;
			sourceTree = "<group>";
		};
		A091E58B2ABAA5AD000894FC /* Common */ = {
			isa = PBXGroup;
			children = (
				A091E5A12ABAAE1E000894FC /* CommonModifier */,
				A091E5A02ABAAE13000894FC /* CommonComponent */,
			);
			path = Common;
			sourceTree = "<group>";
		};
		A091E5A02ABAAE13000894FC /* CommonComponent */ = {
			isa = PBXGroup;
			children = (
				8483640B2AC41FDE00FEAE23 /* ToastMessage.swift */,
				A00EE0A02ACE447200E03146 /* InfanTextField.swift */,
				A08EECB92ACEF842009DFCDE /* InfanTextEditor.swift */,
				A05C94F22ACF1374003243B7 /* InfanMainButton.swift */,
			);
			path = CommonComponent;
			sourceTree = "<group>";
		};
		A091E5A12ABAAE1E000894FC /* CommonModifier */ = {
			isa = PBXGroup;
			children = (
				A086C7A02ABD205E00F0BF9B /* InfanNavigationBar.swift */,
				A0B5AFDA2AC2C3830055E714 /* InfanHorizontalPadding.swift */,
				844BB4F62ACFD7BF004891DD /* InfanFetchUser.swift */,
			);
			path = CommonModifier;
			sourceTree = "<group>";
		};
		A091E5A22ABAAF54000894FC /* CommonView */ = {
			isa = PBXGroup;
			children = (
				11183A722ACF8BC50010012C /* ProfileRowView.swift */,
				11183A742ACF9C670010012C /* ProfileSheetView.swift */,
				EC7B11682ABAC984001303D1 /* LoginSheetView.swift */,
			);
			path = CommonView;
			sourceTree = "<group>";
		};
		A091E5AA2ABC76B6000894FC /* MainTab */ = {
			isa = PBXGroup;
			children = (
				A091E5AB2ABC76CA000894FC /* MainTabView.swift */,
			);
			path = MainTab;
			sourceTree = "<group>";
		};
		A0B5AFCC2AC1D2750055E714 /* Subview */ = {
			isa = PBXGroup;
			children = (
				11E4DA5E2ABACBBC00EC84D9 /* PaymentAddressView.swift */,
				64A6826E2AC2C55E007BF628 /* PaymentAddressWebView.swift */,
				9E37657D2AC294520026CA6F /* DeliveryMessageView.swift */,
				EC4D59C12ABD9C99007FC25E /* PaymentPriceView.swift */,
				9E5A8FBA2ABAD8B400654850 /* PayButtonView.swift */,
			);
			path = Subview;
			sourceTree = "<group>";
		};
		A0B5AFCD2AC1D42D0055E714 /* Resource */ = {
			isa = PBXGroup;
			children = (
				A091E5632AB9FB65000894FC /* InfantoryApp.swift */,
				A091E5672AB9FB68000894FC /* Assets.xcassets */,
				A091E5A42ABC1E9B000894FC /* Colors.xcassets */,
				A0B5AFDC2AC3E2BE0055E714 /* Config.xcconfig */,
				A0B5AFDD2AC3EC2A0055E714 /* Appkey.swift */,
			);
			path = Resource;
			sourceTree = "<group>";
		};
/* End PBXGroup section */

/* Begin PBXNativeTarget section */
		A091E55F2AB9FB65000894FC /* Infantory */ = {
			isa = PBXNativeTarget;
			buildConfigurationList = A091E56E2AB9FB68000894FC /* Build configuration list for PBXNativeTarget "Infantory" */;
			buildPhases = (
				A091E5712AB9FBA4000894FC /* SwiftLint Script */,
				A091E55C2AB9FB65000894FC /* Sources */,
				A091E55D2AB9FB65000894FC /* Frameworks */,
				A091E55E2AB9FB65000894FC /* Resources */,
			);
			buildRules = (
			);
			dependencies = (
			);
			name = Infantory;
			packageProductDependencies = (
				849B64AF2ABD595B00C4AC8D /* KakaoSDK */,
				A086C7A32ABD278200F0BF9B /* FirebaseAppCheck */,
				A086C7A52ABD278200F0BF9B /* FirebaseAuth */,
				A086C7A72ABD278200F0BF9B /* FirebaseAuthCombine-Community */,
				A086C7A92ABD278200F0BF9B /* FirebaseDatabase */,
				A086C7AB2ABD278200F0BF9B /* FirebaseDatabaseSwift */,
				A086C7AD2ABD278200F0BF9B /* FirebaseFirestore */,
				A086C7AF2ABD278200F0BF9B /* FirebaseFirestoreSwift */,
				A086C7B12ABD278200F0BF9B /* FirebaseMessaging */,
				A086C7B32ABD278200F0BF9B /* FirebaseStorage */,
				A086C7B52ABD278200F0BF9B /* FirebaseStorageCombine-Community */,
				64A043FD2ACFE49A0010D547 /* ExpandableText */,
			);
			productName = Infantory;
			productReference = A091E5602AB9FB65000894FC /* Infantory.app */;
			productType = "com.apple.product-type.application";
		};
/* End PBXNativeTarget section */

/* Begin PBXProject section */
		A091E5582AB9FB65000894FC /* Project object */ = {
			isa = PBXProject;
			attributes = {
				BuildIndependentTargetsInParallel = 1;
				LastSwiftUpdateCheck = 1430;
				LastUpgradeCheck = 1430;
				TargetAttributes = {
					A091E55F2AB9FB65000894FC = {
						CreatedOnToolsVersion = 14.3.1;
					};
				};
			};
			buildConfigurationList = A091E55B2AB9FB65000894FC /* Build configuration list for PBXProject "Infantory" */;
			compatibilityVersion = "Xcode 14.0";
			developmentRegion = en;
			hasScannedForEncodings = 0;
			knownRegions = (
				en,
				Base,
			);
			mainGroup = A091E5572AB9FB65000894FC;
			packageReferences = (
				849B64AE2ABD595B00C4AC8D /* XCRemoteSwiftPackageReference "kakao-ios-sdk" */,
				A086C7A22ABD278200F0BF9B /* XCRemoteSwiftPackageReference "firebase-ios-sdk" */,
				64A043FC2ACFE49A0010D547 /* XCRemoteSwiftPackageReference "ExpandableText" */,
			);
			productRefGroup = A091E5612AB9FB65000894FC /* Products */;
			projectDirPath = "";
			projectRoot = "";
			targets = (
				A091E55F2AB9FB65000894FC /* Infantory */,
			);
		};
/* End PBXProject section */

/* Begin PBXResourcesBuildPhase section */
		A091E55E2AB9FB65000894FC /* Resources */ = {
			isa = PBXResourcesBuildPhase;
			buildActionMask = 2147483647;
			files = (
				849B64B22ABD5ABC00C4AC8D /* GoogleService-Info.plist in Resources */,
				A091E5732AB9FC5C000894FC /* .swiftlint.yml in Resources */,
				A091E5A52ABC1E9B000894FC /* Colors.xcassets in Resources */,
				A091E56B2AB9FB68000894FC /* Preview Assets.xcassets in Resources */,
				A091E5682AB9FB68000894FC /* Assets.xcassets in Resources */,
			);
			runOnlyForDeploymentPostprocessing = 0;
		};
/* End PBXResourcesBuildPhase section */

/* Begin PBXShellScriptBuildPhase section */
		A091E5712AB9FBA4000894FC /* SwiftLint Script */ = {
			isa = PBXShellScriptBuildPhase;
			alwaysOutOfDate = 1;
			buildActionMask = 2147483647;
			files = (
			);
			inputFileListPaths = (
			);
			inputPaths = (
			);
			name = "SwiftLint Script";
			outputFileListPaths = (
			);
			outputPaths = (
			);
			runOnlyForDeploymentPostprocessing = 0;
			shellPath = /bin/sh;
			shellScript = "if test -d \"/opt/homebrew/bin/\"; then\n  PATH=\"/opt/homebrew/bin/:${PATH}\"\nfi\n\nexport PATH\n\nif which swiftlint >/dev/null; then\n  swiftlint\nelse\n  echo \"warning: SwiftLint not installed, download from https://github.com/realm/SwiftLint\"\nfi\n";
		};
/* End PBXShellScriptBuildPhase section */

/* Begin PBXSourcesBuildPhase section */
		A091E55C2AB9FB65000894FC /* Sources */ = {
			isa = PBXSourcesBuildPhase;
			buildActionMask = 2147483647;
			files = (
				0C82A3312AC2934E009F6D97 /* ApplyDetailView.swift in Sources */,
				844BB4E92ACBE8A3004891DD /* LoginAddressWebView.swift in Sources */,
				0C82A3342AC29625009F6D97 /* ApplyDetailDescriptionView.swift in Sources */,
				0CE402192ABAC91A00F69B7E /* AuctionRegistrationView.swift in Sources */,
				0C82A32D2AC278A6009F6D97 /* ApplyRegistrationView.swift in Sources */,
				0CD2F7032ABD4F6A00FCF88E /* AuctionLogoCell.swift in Sources */,
				A091E5AC2ABC76CA000894FC /* MainTabView.swift in Sources */,
				64E105C12ABD2A8C00BFD3DF /* PaymentReceiptView.swift in Sources */,
				A091E5892ABAA5A0000894FC /* HomeMainView.swift in Sources */,
				849B64C72ABD742F00C4AC8D /* ApplyTicket.swift in Sources */,
				0C25176E2AC1453200B0EF03 /* AuctionDetailDescriptionView.swift in Sources */,
				A086C7A12ABD205F00F0BF9B /* InfanNavigationBar.swift in Sources */,
				111924862ABAC7B9003821FD /* PaymentView.swift in Sources */,
				A0B5AFDE2AC3EC2B0055E714 /* Appkey.swift in Sources */,
				0CED22502ACCFB4300CD1456 /* ApplyImagePickerView.swift in Sources */,
				A00EE0A12ACE447200E03146 /* InfanTextField.swift in Sources */,
				844BB4ED2ACD2F22004891DD /* ApplyBuyerView.swift in Sources */,
				112E5D442AC555D40007BBE8 /* AuctionBuyerView.swift in Sources */,
				844BB4F72ACFD7BF004891DD /* InfanFetchUser.swift in Sources */,
				844BB4ED2ACD2F22004891DD /* ApplyBuyerView.swift in Sources */,
				112E5D442AC555D40007BBE8 /* AuctionBuyerView.swift in Sources */,
				844BB4F72ACFD7BF004891DD /* InfanFetchUser.swift in Sources */,
				11183A6F2ACD40D30010012C /* AuctionViewModel.swift in Sources */,
				114F305B2ABD1A79008497A8 /* AuctionMainView.swift in Sources */,
				0157833C2AC11790001FEC98 /* AuctionDetailView.swift in Sources */,
				0CE4021C2ABACA3400F69B7E /* InfluencerImageCell.swift in Sources */,
				11BAE3752ACCE82400F887C7 /* AuctionBidSheetView.swift in Sources */,
				A0A6628F2ACD8074000F2EF6 /* InfanDateFormatter.swift in Sources */,
				113A15712AC1195E00ED0555 /* PaymentChoiceView.swift in Sources */,
				A091E5B42ABC7EA0000894FC /* ActivityMainView.swift in Sources */,
				A091E5A72ABC740D000894FC /* Font+Extension.swift in Sources */,
				A08EECBA2ACEF842009DFCDE /* InfanTextEditor.swift in Sources */,
				64A6826D2AC28C43007BF628 /* PaymentCardAddView.swift in Sources */,
				A091E5912ABAA61C000894FC /* LoginMainView.swift in Sources */,
				64A6826F2AC2C55E007BF628 /* PaymentAddressWebView.swift in Sources */,
				648689132ACE751800423321 /* TimerView.swift in Sources */,
				11F7EEB82ABBD515003E3A8C /* PaymentInfo.swift in Sources */,
				A0B5AFE42AC3FE130055E714 /* PaymentPriceViewModel.swift in Sources */,
				11F7EEBA2ABBD812003E3A8C /* AuctionProduct.swift in Sources */,
				849B64C32ABD600D00C4AC8D /* LoginStore.swift in Sources */,
				9E5A8FBB2ABAD8B400654850 /* PayButtonView.swift in Sources */,
				0C82A32F2AC279BB009F6D97 /* ApplyProductViewModel.swift in Sources */,
				11E4DA5F2ABACBBC00EC84D9 /* PaymentAddressView.swift in Sources */,
				11183A752ACF9C670010012C /* ProfileSheetView.swift in Sources */,
				849B64C52ABD691600C4AC8D /* SignUpUser.swift in Sources */,
				0157833E2AC121E2001FEC98 /* AuctionDetailImageView.swift in Sources */,
				0CD2F7052ABD50F500FCF88E /* User.swift in Sources */,
				015783402AC3BDBB001FEC98 /* ApplyProductListView.swift in Sources */,
				A05C94F32ACF1374003243B7 /* InfanMainButton.swift in Sources */,
				A091E5B22ABC7A21000894FC /* MyMainView.swift in Sources */,
				A091E5642AB9FB65000894FC /* InfantoryApp.swift in Sources */,
				0C82A3362AC29640009F6D97 /* ApplyDetailImageView.swift in Sources */,
				64E105C62ABD4C2700BFD3DF /* PaymentAddressViewModel.swift in Sources */,
				9E37657E2AC294520026CA6F /* DeliveryMessageView.swift in Sources */,
				84BF5D432ABAC84F008C0766 /* LoginSignUpView.swift in Sources */,
				A0B5AFE32AC3FE130055E714 /* PaymentViewModel.swift in Sources */,
				844BB4EB2ACD2CCC004891DD /* ApplySheetView.swift in Sources */,
				64E105C82ABD575A00BFD3DF /* Productable.swift in Sources */,
				844BB4F32ACF9D7F004891DD /* ApplyFilter.swift in Sources */,
				844BB4F52ACF9E4F004891DD /* ApplyFilterButtonView.swift in Sources */,
				A091E5A92ABC7415000894FC /* Color+Extension.swift in Sources */,
				112E5D462AC561550007BBE8 /* AuctionBuyerDetailView.swift in Sources */,
				11F7EEBC2ABBE382003E3A8C /* ApplyProduct.swift in Sources */,
				11183A732ACF8BC50010012C /* ProfileRowView.swift in Sources */,
				0157833A2ABD5F86001FEC98 /* AuctionProductViewModel.swift in Sources */,
				A091E57E2ABAA553000894FC /* Empty1.swift in Sources */,
				A0B5AFD32AC2ACF40055E714 /* AuctionFilter.swift in Sources */,
				EC7B11692ABAC984001303D1 /* LoginSheetView.swift in Sources */,
				A086C79F2ABD16DC00F0BF9B /* CGFloat+Extension.swift in Sources */,
				0C82A3382AC29A0B009F6D97 /* ApplyLogoCell.swift in Sources */,
				0CD2F6FF2ABD4D8400FCF88E /* AuctionButtonCell.swift in Sources */,
				A091E5B02ABC7917000894FC /* ApplyMainView.swift in Sources */,
				0CED22542ACD40E100CD1456 /* AuctionRegisterStore.swift in Sources */,
				0CD2F7012ABD4EE100FCF88E /* ProductListView.swift in Sources */,
				8483640C2AC41FDE00FEAE23 /* ToastMessage.swift in Sources */,
				844BB4F12ACD4E8B004891DD /* ApplyMyTicketView.swift in Sources */,
				A0B5AFE22AC3FE130055E714 /* PaymentAddressViewModel.swift in Sources */,
				A091E58F2ABAA616000894FC /* Empty6.swift in Sources */,
				EC4D59C22ABD9C99007FC25E /* PaymentPriceView.swift in Sources */,
				A0B5AFDB2AC2C3830055E714 /* InfanHorizontalPadding.swift in Sources */,
				A05C94F52ACFFF06003243B7 /* AuctionItemImage.swift in Sources */,
				9E5A8FB92ABACD7C00654850 /* PaymentMethodView.swift in Sources */,
				A086C7BA2ABD308200F0BF9B /* View+Modifier.swift in Sources */,
			);
			runOnlyForDeploymentPostprocessing = 0;
		};
/* End PBXSourcesBuildPhase section */

/* Begin XCBuildConfiguration section */
		A091E56C2AB9FB68000894FC /* Debug */ = {
			isa = XCBuildConfiguration;
			baseConfigurationReference = A0B5AFDC2AC3E2BE0055E714 /* Config.xcconfig */;
			buildSettings = {
				ALWAYS_SEARCH_USER_PATHS = NO;
				CLANG_ANALYZER_NONNULL = YES;
				CLANG_ANALYZER_NUMBER_OBJECT_CONVERSION = YES_AGGRESSIVE;
				CLANG_CXX_LANGUAGE_STANDARD = "gnu++20";
				CLANG_ENABLE_MODULES = YES;
				CLANG_ENABLE_OBJC_ARC = YES;
				CLANG_ENABLE_OBJC_WEAK = YES;
				CLANG_WARN_BLOCK_CAPTURE_AUTORELEASING = YES;
				CLANG_WARN_BOOL_CONVERSION = YES;
				CLANG_WARN_COMMA = YES;
				CLANG_WARN_CONSTANT_CONVERSION = YES;
				CLANG_WARN_DEPRECATED_OBJC_IMPLEMENTATIONS = YES;
				CLANG_WARN_DIRECT_OBJC_ISA_USAGE = YES_ERROR;
				CLANG_WARN_DOCUMENTATION_COMMENTS = YES;
				CLANG_WARN_EMPTY_BODY = YES;
				CLANG_WARN_ENUM_CONVERSION = YES;
				CLANG_WARN_INFINITE_RECURSION = YES;
				CLANG_WARN_INT_CONVERSION = YES;
				CLANG_WARN_NON_LITERAL_NULL_CONVERSION = YES;
				CLANG_WARN_OBJC_IMPLICIT_RETAIN_SELF = YES;
				CLANG_WARN_OBJC_LITERAL_CONVERSION = YES;
				CLANG_WARN_OBJC_ROOT_CLASS = YES_ERROR;
				CLANG_WARN_QUOTED_INCLUDE_IN_FRAMEWORK_HEADER = YES;
				CLANG_WARN_RANGE_LOOP_ANALYSIS = YES;
				CLANG_WARN_STRICT_PROTOTYPES = YES;
				CLANG_WARN_SUSPICIOUS_MOVE = YES;
				CLANG_WARN_UNGUARDED_AVAILABILITY = YES_AGGRESSIVE;
				CLANG_WARN_UNREACHABLE_CODE = YES;
				CLANG_WARN__DUPLICATE_METHOD_MATCH = YES;
				COPY_PHASE_STRIP = NO;
				DEBUG_INFORMATION_FORMAT = dwarf;
				ENABLE_STRICT_OBJC_MSGSEND = YES;
				ENABLE_TESTABILITY = YES;
				GCC_C_LANGUAGE_STANDARD = gnu11;
				GCC_DYNAMIC_NO_PIC = NO;
				GCC_NO_COMMON_BLOCKS = YES;
				GCC_OPTIMIZATION_LEVEL = 0;
				GCC_PREPROCESSOR_DEFINITIONS = (
					"DEBUG=1",
					"$(inherited)",
				);
				GCC_WARN_64_TO_32_BIT_CONVERSION = YES;
				GCC_WARN_ABOUT_RETURN_TYPE = YES_ERROR;
				GCC_WARN_UNDECLARED_SELECTOR = YES;
				GCC_WARN_UNINITIALIZED_AUTOS = YES_AGGRESSIVE;
				GCC_WARN_UNUSED_FUNCTION = YES;
				GCC_WARN_UNUSED_VARIABLE = YES;
				IPHONEOS_DEPLOYMENT_TARGET = 16.0;
				MTL_ENABLE_DEBUG_INFO = INCLUDE_SOURCE;
				MTL_FAST_MATH = YES;
				ONLY_ACTIVE_ARCH = YES;
				SDKROOT = iphoneos;
				SWIFT_ACTIVE_COMPILATION_CONDITIONS = DEBUG;
				SWIFT_OPTIMIZATION_LEVEL = "-Onone";
			};
			name = Debug;
		};
		A091E56D2AB9FB68000894FC /* Release */ = {
			isa = XCBuildConfiguration;
			baseConfigurationReference = A0B5AFDC2AC3E2BE0055E714 /* Config.xcconfig */;
			buildSettings = {
				ALWAYS_SEARCH_USER_PATHS = NO;
				CLANG_ANALYZER_NONNULL = YES;
				CLANG_ANALYZER_NUMBER_OBJECT_CONVERSION = YES_AGGRESSIVE;
				CLANG_CXX_LANGUAGE_STANDARD = "gnu++20";
				CLANG_ENABLE_MODULES = YES;
				CLANG_ENABLE_OBJC_ARC = YES;
				CLANG_ENABLE_OBJC_WEAK = YES;
				CLANG_WARN_BLOCK_CAPTURE_AUTORELEASING = YES;
				CLANG_WARN_BOOL_CONVERSION = YES;
				CLANG_WARN_COMMA = YES;
				CLANG_WARN_CONSTANT_CONVERSION = YES;
				CLANG_WARN_DEPRECATED_OBJC_IMPLEMENTATIONS = YES;
				CLANG_WARN_DIRECT_OBJC_ISA_USAGE = YES_ERROR;
				CLANG_WARN_DOCUMENTATION_COMMENTS = YES;
				CLANG_WARN_EMPTY_BODY = YES;
				CLANG_WARN_ENUM_CONVERSION = YES;
				CLANG_WARN_INFINITE_RECURSION = YES;
				CLANG_WARN_INT_CONVERSION = YES;
				CLANG_WARN_NON_LITERAL_NULL_CONVERSION = YES;
				CLANG_WARN_OBJC_IMPLICIT_RETAIN_SELF = YES;
				CLANG_WARN_OBJC_LITERAL_CONVERSION = YES;
				CLANG_WARN_OBJC_ROOT_CLASS = YES_ERROR;
				CLANG_WARN_QUOTED_INCLUDE_IN_FRAMEWORK_HEADER = YES;
				CLANG_WARN_RANGE_LOOP_ANALYSIS = YES;
				CLANG_WARN_STRICT_PROTOTYPES = YES;
				CLANG_WARN_SUSPICIOUS_MOVE = YES;
				CLANG_WARN_UNGUARDED_AVAILABILITY = YES_AGGRESSIVE;
				CLANG_WARN_UNREACHABLE_CODE = YES;
				CLANG_WARN__DUPLICATE_METHOD_MATCH = YES;
				COPY_PHASE_STRIP = NO;
				DEBUG_INFORMATION_FORMAT = "dwarf-with-dsym";
				ENABLE_NS_ASSERTIONS = NO;
				ENABLE_STRICT_OBJC_MSGSEND = YES;
				GCC_C_LANGUAGE_STANDARD = gnu11;
				GCC_NO_COMMON_BLOCKS = YES;
				GCC_WARN_64_TO_32_BIT_CONVERSION = YES;
				GCC_WARN_ABOUT_RETURN_TYPE = YES_ERROR;
				GCC_WARN_UNDECLARED_SELECTOR = YES;
				GCC_WARN_UNINITIALIZED_AUTOS = YES_AGGRESSIVE;
				GCC_WARN_UNUSED_FUNCTION = YES;
				GCC_WARN_UNUSED_VARIABLE = YES;
				IPHONEOS_DEPLOYMENT_TARGET = 16.0;
				MTL_ENABLE_DEBUG_INFO = NO;
				MTL_FAST_MATH = YES;
				SDKROOT = iphoneos;
				SWIFT_COMPILATION_MODE = wholemodule;
				SWIFT_OPTIMIZATION_LEVEL = "-O";
				VALIDATE_PRODUCT = YES;
			};
			name = Release;
		};
		A091E56F2AB9FB68000894FC /* Debug */ = {
			isa = XCBuildConfiguration;
			baseConfigurationReference = A0B5AFDC2AC3E2BE0055E714 /* Config.xcconfig */;
			buildSettings = {
				ASSETCATALOG_COMPILER_APPICON_NAME = AppIcon;
				ASSETCATALOG_COMPILER_GLOBAL_ACCENT_COLOR_NAME = AccentColor;
				CODE_SIGN_STYLE = Automatic;
				CURRENT_PROJECT_VERSION = 1;
				DEVELOPMENT_ASSET_PATHS = "\"Infantory/Preview Content\"";
				DEVELOPMENT_TEAM = 6R3M7VGRP2;
				ENABLE_PREVIEWS = YES;
				GENERATE_INFOPLIST_FILE = YES;
				INFOPLIST_FILE = Infantory/Info.plist;
				INFOPLIST_KEY_NSCameraUsageDescription = "";
				INFOPLIST_KEY_NSPhotoLibraryUsageDescription = "갤러리 접근";
				INFOPLIST_KEY_UIApplicationSceneManifest_Generation = YES;
				INFOPLIST_KEY_UIApplicationSupportsIndirectInputEvents = YES;
				INFOPLIST_KEY_UILaunchScreen_Generation = YES;
				INFOPLIST_KEY_UISupportedInterfaceOrientations_iPad = "UIInterfaceOrientationPortrait UIInterfaceOrientationPortraitUpsideDown UIInterfaceOrientationLandscapeLeft UIInterfaceOrientationLandscapeRight";
				INFOPLIST_KEY_UISupportedInterfaceOrientations_iPhone = "UIInterfaceOrientationPortrait UIInterfaceOrientationLandscapeLeft UIInterfaceOrientationLandscapeRight";
				IPHONEOS_DEPLOYMENT_TARGET = 16.0;
				LD_RUNPATH_SEARCH_PATHS = (
					"$(inherited)",
					"@executable_path/Frameworks",
				);
				MARKETING_VERSION = 1.0;
				PRODUCT_BUNDLE_IDENTIFIER = com.techit.Infantory;
				PRODUCT_NAME = "$(TARGET_NAME)";
				SWIFT_EMIT_LOC_STRINGS = YES;
				SWIFT_VERSION = 5.0;
				TARGETED_DEVICE_FAMILY = "1,2";
			};
			name = Debug;
		};
		A091E5702AB9FB68000894FC /* Release */ = {
			isa = XCBuildConfiguration;
			baseConfigurationReference = A0B5AFDC2AC3E2BE0055E714 /* Config.xcconfig */;
			buildSettings = {
				ASSETCATALOG_COMPILER_APPICON_NAME = AppIcon;
				ASSETCATALOG_COMPILER_GLOBAL_ACCENT_COLOR_NAME = AccentColor;
				CODE_SIGN_STYLE = Automatic;
				CURRENT_PROJECT_VERSION = 1;
				DEVELOPMENT_ASSET_PATHS = "\"Infantory/Preview Content\"";
				DEVELOPMENT_TEAM = 6R3M7VGRP2;
				ENABLE_PREVIEWS = YES;
				GENERATE_INFOPLIST_FILE = YES;
				INFOPLIST_FILE = Infantory/Info.plist;
				INFOPLIST_KEY_NSCameraUsageDescription = "";
				INFOPLIST_KEY_NSPhotoLibraryUsageDescription = "갤러리 접근";
				INFOPLIST_KEY_UIApplicationSceneManifest_Generation = YES;
				INFOPLIST_KEY_UIApplicationSupportsIndirectInputEvents = YES;
				INFOPLIST_KEY_UILaunchScreen_Generation = YES;
				INFOPLIST_KEY_UISupportedInterfaceOrientations_iPad = "UIInterfaceOrientationPortrait UIInterfaceOrientationPortraitUpsideDown UIInterfaceOrientationLandscapeLeft UIInterfaceOrientationLandscapeRight";
				INFOPLIST_KEY_UISupportedInterfaceOrientations_iPhone = "UIInterfaceOrientationPortrait UIInterfaceOrientationLandscapeLeft UIInterfaceOrientationLandscapeRight";
				IPHONEOS_DEPLOYMENT_TARGET = 16.0;
				LD_RUNPATH_SEARCH_PATHS = (
					"$(inherited)",
					"@executable_path/Frameworks",
				);
				MARKETING_VERSION = 1.0;
				PRODUCT_BUNDLE_IDENTIFIER = com.techit.Infantory;
				PRODUCT_NAME = "$(TARGET_NAME)";
				SWIFT_EMIT_LOC_STRINGS = YES;
				SWIFT_VERSION = 5.0;
				TARGETED_DEVICE_FAMILY = "1,2";
			};
			name = Release;
		};
/* End XCBuildConfiguration section */

/* Begin XCConfigurationList section */
		A091E55B2AB9FB65000894FC /* Build configuration list for PBXProject "Infantory" */ = {
			isa = XCConfigurationList;
			buildConfigurations = (
				A091E56C2AB9FB68000894FC /* Debug */,
				A091E56D2AB9FB68000894FC /* Release */,
			);
			defaultConfigurationIsVisible = 0;
			defaultConfigurationName = Release;
		};
		A091E56E2AB9FB68000894FC /* Build configuration list for PBXNativeTarget "Infantory" */ = {
			isa = XCConfigurationList;
			buildConfigurations = (
				A091E56F2AB9FB68000894FC /* Debug */,
				A091E5702AB9FB68000894FC /* Release */,
			);
			defaultConfigurationIsVisible = 0;
			defaultConfigurationName = Release;
		};
/* End XCConfigurationList section */

/* Begin XCRemoteSwiftPackageReference section */
		64A043FC2ACFE49A0010D547 /* XCRemoteSwiftPackageReference "ExpandableText" */ = {
			isa = XCRemoteSwiftPackageReference;
			repositoryURL = "https://github.com/NuPlay/ExpandableText";
			requirement = {
				kind = upToNextMajorVersion;
				minimumVersion = 1.2.0;
			};
		};
		849B64AE2ABD595B00C4AC8D /* XCRemoteSwiftPackageReference "kakao-ios-sdk" */ = {
			isa = XCRemoteSwiftPackageReference;
			repositoryURL = "https://github.com/kakao/kakao-ios-sdk";
			requirement = {
				branch = master;
				kind = branch;
			};
		};
		A086C7A22ABD278200F0BF9B /* XCRemoteSwiftPackageReference "firebase-ios-sdk" */ = {
			isa = XCRemoteSwiftPackageReference;
			repositoryURL = "https://github.com/firebase/firebase-ios-sdk.git";
			requirement = {
				kind = upToNextMajorVersion;
				minimumVersion = 10.0.0;
			};
		};
/* End XCRemoteSwiftPackageReference section */

/* Begin XCSwiftPackageProductDependency section */
		64A043FD2ACFE49A0010D547 /* ExpandableText */ = {
			isa = XCSwiftPackageProductDependency;
			package = 64A043FC2ACFE49A0010D547 /* XCRemoteSwiftPackageReference "ExpandableText" */;
			productName = ExpandableText;
		};
		849B64AF2ABD595B00C4AC8D /* KakaoSDK */ = {
			isa = XCSwiftPackageProductDependency;
			package = 849B64AE2ABD595B00C4AC8D /* XCRemoteSwiftPackageReference "kakao-ios-sdk" */;
			productName = KakaoSDK;
		};
		A086C7A32ABD278200F0BF9B /* FirebaseAppCheck */ = {
			isa = XCSwiftPackageProductDependency;
			package = A086C7A22ABD278200F0BF9B /* XCRemoteSwiftPackageReference "firebase-ios-sdk" */;
			productName = FirebaseAppCheck;
		};
		A086C7A52ABD278200F0BF9B /* FirebaseAuth */ = {
			isa = XCSwiftPackageProductDependency;
			package = A086C7A22ABD278200F0BF9B /* XCRemoteSwiftPackageReference "firebase-ios-sdk" */;
			productName = FirebaseAuth;
		};
		A086C7A72ABD278200F0BF9B /* FirebaseAuthCombine-Community */ = {
			isa = XCSwiftPackageProductDependency;
			package = A086C7A22ABD278200F0BF9B /* XCRemoteSwiftPackageReference "firebase-ios-sdk" */;
			productName = "FirebaseAuthCombine-Community";
		};
		A086C7A92ABD278200F0BF9B /* FirebaseDatabase */ = {
			isa = XCSwiftPackageProductDependency;
			package = A086C7A22ABD278200F0BF9B /* XCRemoteSwiftPackageReference "firebase-ios-sdk" */;
			productName = FirebaseDatabase;
		};
		A086C7AB2ABD278200F0BF9B /* FirebaseDatabaseSwift */ = {
			isa = XCSwiftPackageProductDependency;
			package = A086C7A22ABD278200F0BF9B /* XCRemoteSwiftPackageReference "firebase-ios-sdk" */;
			productName = FirebaseDatabaseSwift;
		};
		A086C7AD2ABD278200F0BF9B /* FirebaseFirestore */ = {
			isa = XCSwiftPackageProductDependency;
			package = A086C7A22ABD278200F0BF9B /* XCRemoteSwiftPackageReference "firebase-ios-sdk" */;
			productName = FirebaseFirestore;
		};
		A086C7AF2ABD278200F0BF9B /* FirebaseFirestoreSwift */ = {
			isa = XCSwiftPackageProductDependency;
			package = A086C7A22ABD278200F0BF9B /* XCRemoteSwiftPackageReference "firebase-ios-sdk" */;
			productName = FirebaseFirestoreSwift;
		};
		A086C7B12ABD278200F0BF9B /* FirebaseMessaging */ = {
			isa = XCSwiftPackageProductDependency;
			package = A086C7A22ABD278200F0BF9B /* XCRemoteSwiftPackageReference "firebase-ios-sdk" */;
			productName = FirebaseMessaging;
		};
		A086C7B32ABD278200F0BF9B /* FirebaseStorage */ = {
			isa = XCSwiftPackageProductDependency;
			package = A086C7A22ABD278200F0BF9B /* XCRemoteSwiftPackageReference "firebase-ios-sdk" */;
			productName = FirebaseStorage;
		};
		A086C7B52ABD278200F0BF9B /* FirebaseStorageCombine-Community */ = {
			isa = XCSwiftPackageProductDependency;
			package = A086C7A22ABD278200F0BF9B /* XCRemoteSwiftPackageReference "firebase-ios-sdk" */;
			productName = "FirebaseStorageCombine-Community";
		};
/* End XCSwiftPackageProductDependency section */
	};
	rootObject = A091E5582AB9FB65000894FC /* Project object */;
}
